{
  "version": 1,
  "dependencies": {
    "net9.0": {
      "Microsoft.Extensions.DependencyInjection": {
        "type": "Transitive",
        "resolved": "9.0.8",
        "contentHash": "JJjI2Fa+QtZcUyuNjbKn04OjIUX5IgFGFu/Xc+qvzh1rXdZHLcnqqVXhR4093bGirTwacRlHiVg1XYI9xum6QQ==",
        "dependencies": {
          "Microsoft.Extensions.DependencyInjection.Abstractions": "9.0.8"
        }
      },
      "Microsoft.Extensions.DependencyInjection.Abstractions": {
        "type": "Transitive",
        "resolved": "9.0.8",
        "contentHash": "xY3lTjj4+ZYmiKIkyWitddrp1uL5uYiweQjqo4BKBw01ZC4HhcfgLghDpPZcUlppgWAFqFy9SgkiYWOMx365pw=="
      },
      "hagalaz.cache.abstractions": {
        "type": "Project"
      },
      "hagalaz.dependencyinjection.extensions": {
        "type": "Project",
        "dependencies": {
          "Microsoft.Extensions.DependencyInjection.Abstractions": "[9.0.8, )"
        }
      },
      "hagalaz.game.abstractions": {
        "type": "Project",
        "dependencies": {
          "Hagalaz.Cache.Abstractions": "[1.0.0, )",
          "Hagalaz.Utilities": "[1.0.0, )",
          "Microsoft.Extensions.DependencyInjection": "[9.0.8, )",
          "Raido.Common": "[1.0.0, )"
        }
      },
      "hagalaz.utilities": {
        "type": "Project"
      },
      "raido.common": {
        "type": "Project"
      }
    }
  }
}