{
  "version": 1,
  "dependencies": {
    "net10.0": {
      "Microsoft.NET.Test.Sdk": {
        "type": "Direct",
        "requested": "[18.0.1, )",
        "resolved": "18.0.1",
        "contentHash": "WNpu6vI2rA0pXY4r7NKxCN16XRWl5uHu6qjuyVLoDo6oYEggIQefrMjkRuibQHm/NslIUNCcKftvoWAN80MSAg==",
        "dependencies": {
          "Microsoft.CodeCoverage": "18.0.1",
          "Microsoft.TestPlatform.TestHost": "18.0.1"
        }
      },
      "MSTest.TestAdapter": {
        "type": "Direct",
        "requested": "[4.0.0, )",
        "resolved": "4.0.0",
        "contentHash": "zAXj6kqtYTO/MFMGW+YsmRXyH8oR+bj3Rwc8WRwNJHsHvql9YBtbo0a8xZwy50r1kJ6UC5vYM3+YsDMvEOUs6Q==",
        "dependencies": {
          "MSTest.TestFramework": "4.0.0",
          "Microsoft.Testing.Extensions.VSTestBridge": "2.0.0",
          "Microsoft.Testing.Platform.MSBuild": "2.0.0"
        }
      },
      "MSTest.TestFramework": {
        "type": "Direct",
        "requested": "[4.0.0, )",
        "resolved": "4.0.0",
        "contentHash": "K1CZFvX4zfoqzNuB6Lk9I1ZvZfHlb2e1iqtZwtxSvN0rY5dRvplMVujObQuK7VaUim8AcxS3yz7IltixMWbTVg==",
        "dependencies": {
          "MSTest.Analyzers": "4.0.0"
        }
      },
      "Microsoft.ApplicationInsights": {
        "type": "Transitive",
        "resolved": "2.23.0",
        "contentHash": "nWArUZTdU7iqZLycLKWe0TDms48KKGE6pONH2terYNa8REXiqixrMOkf1sk5DHGMaUTqONU2YkS4SAXBhLStgw=="
      },
      "Microsoft.CodeCoverage": {
        "type": "Transitive",
        "resolved": "18.0.1",
        "contentHash": "O+utSr97NAJowIQT/OVp3Lh9QgW/wALVTP4RG1m2AfFP4IyJmJz0ZBmFJUsRQiAPgq6IRC0t8AAzsiPIsaUDEA=="
      },
      "Microsoft.Testing.Extensions.Telemetry": {
        "type": "Transitive",
        "resolved": "2.0.0",
        "contentHash": "IwjkvLfg9OEfRmh+wmeVA4oG/VLCIyzlT25vZSL3nlU4+hPycH7M1BrbyjrO42YZJZji9u8d24f8U8CRZIk5fA==",
        "dependencies": {
          "Microsoft.ApplicationInsights": "2.23.0",
          "Microsoft.Testing.Platform": "2.0.0"
        }
      },
      "Microsoft.Testing.Extensions.TrxReport.Abstractions": {
        "type": "Transitive",
        "resolved": "2.0.0",
        "contentHash": "B0XcjOjAaQJlUkvIh1dYaktBvVPyer/2TVoFjiAvw7p5+cEWkpBQEJboGekLU/9nt7yGfXbpq6K4D+jvhMMb6g==",
        "dependencies": {
          "Microsoft.Testing.Platform": "2.0.0"
        }
      },
      "Microsoft.Testing.Extensions.VSTestBridge": {
        "type": "Transitive",
        "resolved": "2.0.0",
        "contentHash": "7y2bRp+Eqx3Gm+j7iklcQvwUfrMaEuMBMBnXkw24lMVERGblDKw1TzG9285Nh08RUdc/HgCv8dG0mLb+4EKLYA==",
        "dependencies": {
          "Microsoft.TestPlatform.AdapterUtilities": "18.0.0",
          "Microsoft.TestPlatform.ObjectModel": "18.0.0",
          "Microsoft.Testing.Extensions.Telemetry": "2.0.0",
          "Microsoft.Testing.Extensions.TrxReport.Abstractions": "2.0.0",
          "Microsoft.Testing.Platform": "2.0.0"
        }
      },
      "Microsoft.Testing.Platform": {
        "type": "Transitive",
        "resolved": "2.0.0",
        "contentHash": "6Gd+62SUK6Ji2qnEZl2ZEWeKOKy8mvoK+AMnp8Sm6zx4q0uFPU1grKuMcz8zeQAnwTAEavTdbKt6Ntzj7yaMyg=="
      },
      "Microsoft.Testing.Platform.MSBuild": {
        "type": "Transitive",
        "resolved": "2.0.0",
        "contentHash": "HhChapYw9wYIER9KRfOzo9/hm8rfcWYmiOXf2L1cZGdg5IYWEOKt5LYwlzoJzP9OHKjqc5QOCX1mzlbwn7PV5Q==",
        "dependencies": {
          "Microsoft.Testing.Platform": "2.0.0"
        }
      },
      "Microsoft.TestPlatform.AdapterUtilities": {
        "type": "Transitive",
        "resolved": "18.0.0",
        "contentHash": "3D9MrhTGYshzsEORmcA2lTP7nnxkFfbqGnLas5J1E7XgPU2Mtvp57IAKVFLzHUu9sLMjaxBZQOe9A/hYoUWyWw=="
      },
      "Microsoft.TestPlatform.ObjectModel": {
        "type": "Transitive",
        "resolved": "18.0.1",
        "contentHash": "qT/mwMcLF9BieRkzOBPL2qCopl8hQu6A1P7JWAoj/FMu5i9vds/7cjbJ/LLtaiwWevWLAeD5v5wjQJ/l6jvhWQ=="
      },
      "Microsoft.TestPlatform.TestHost": {
        "type": "Transitive",
        "resolved": "18.0.1",
        "contentHash": "uDJKAEjFTaa2wHdWlfo6ektyoh+WD4/Eesrwb4FpBFKsLGehhACVnwwTI4qD3FrIlIEPlxdXg3SyrYRIcO+RRQ==",
        "dependencies": {
          "Microsoft.TestPlatform.ObjectModel": "18.0.1",
          "Newtonsoft.Json": "13.0.3"
        }
      },
      "MSTest.Analyzers": {
        "type": "Transitive",
        "resolved": "4.0.0",
        "contentHash": "2LXqNrvqG3IkMG1tIz8kUsoWT8NXdClPynqQtDI8lyXWasOf0UiaaooucwYvZ4VUrF099G8dCR1IOm15GrtTmA=="
      },
      "Newtonsoft.Json": {
        "type": "Transitive",
        "resolved": "13.0.3",
        "contentHash": "HrC5BXdl00IP9zeV+0Z848QWPAoCr9P3bDEZguI+gkLcBKAOxix/tLEAAHC+UvDNPv4a2d18lOReHMOagPa+zQ=="
      },
      "hagalaz.game.utilities": {
        "type": "Project"
      }
    }
  }
}