{
  "version": 1,
  "dependencies": {
    "net10.0": {
      "SixLabors.ImageSharp": {
        "type": "Transitive",
        "resolved": "4.0.0",
        "contentHash": "6Ft5sclM1t5bY+P0SsLLGwXIAgmDASFFD9hD0tlEcfFCU8Yj9nR7ZzaqCL/p+SIfqoe8jLKFHD7LFPRJPGXZ5w==",
        "dependencies": {
          "System.IO.Hashing": "8.0.0"
        }
      },
      "System.IO.Hashing": {
        "type": "Transitive",
        "resolved": "8.0.0",
        "contentHash": "ne1843evDugl0md7Fjzy6QjJrzsjh46ZKbhf8GwBXb5f/gw97J4bxMs0NQKifDuThh/f0bZ0e62NPl1jzTuRqA=="
      },
      "hagalaz.cache.abstractions": {
        "type": "Project",
        "dependencies": {
          "SixLabors.ImageSharp": "[4.0.0, )"
        }
      }
    }
  }
}