{
  "version": 1,
  "dependencies": {
    "net9.0": {
      "AwesomeAssertions": {
        "type": "Direct",
        "requested": "[9.1.0, )",
        "resolved": "9.1.0",
        "contentHash": "EEXt/qvPP8sAMVIiUNOf2wHlMw9f8xckgM8sU791TSWUy7crn3rF14TkHfG8hNnQOQdq+83rX8Y5pNsZ/L06DQ=="
      },
      "Microsoft.NET.Test.Sdk": {
        "type": "Direct",
        "requested": "[17.13.0, )",
        "resolved": "17.13.0",
        "contentHash": "W19wCPizaIC9Zh47w8wWI/yxuqR7/dtABwOrc8r2jX/8mUNxM2vw4fXDh+DJTeogxV+KzKwg5jNNGQVwf3LXyA==",
        "dependencies": {
          "Microsoft.CodeCoverage": "17.13.0",
          "Microsoft.TestPlatform.TestHost": "17.13.0"
        }
      },
      "Microsoft.Testing.Extensions.CodeCoverage": {
        "type": "Direct",
        "requested": "[17.14.2, )",
        "resolved": "17.14.2",
        "contentHash": "lCz1/FMGM8yf4UZh+yJL6ETvH78e7/NblWbK2/Lb6z02iiOtExea3hBQKX+vrq6vBo2o6ZCiYceOGq0t07PLkQ==",
        "dependencies": {
          "Microsoft.DiaSymReader": "2.0.0",
          "Microsoft.Extensions.DependencyModel": "6.0.2",
          "Microsoft.Testing.Platform": "1.6.2",
          "System.Reflection.Metadata": "8.0.0"
        }
      },
      "Microsoft.Testing.Extensions.TrxReport": {
        "type": "Direct",
        "requested": "[1.8.4, )",
        "resolved": "1.8.4",
        "contentHash": "nJvqkyczCMhYWDJAOEkfqaOXUj9w8aDAF5D5el31hqjtJqPFPeBm7ZU1yKoDKC4/hVQ0WXUTs5Y6YfJwgdlf0A==",
        "dependencies": {
          "Microsoft.Testing.Extensions.TrxReport.Abstractions": "1.8.4",
          "Microsoft.Testing.Platform": "1.8.4"
        }
      },
      "Moq": {
        "type": "Direct",
        "requested": "[4.20.72, )",
        "resolved": "4.20.72",
        "contentHash": "EA55cjyNn8eTNWrgrdZJH5QLFp2L43oxl1tlkoYUKIE9pRwL784OWiTXeCV5ApS+AMYEAlt7Fo03A2XfouvHmQ==",
        "dependencies": {
          "Castle.Core": "5.1.1"
        }
      },
      "MSTest.TestAdapter": {
        "type": "Direct",
        "requested": "[3.10.4, )",
        "resolved": "3.10.4",
        "contentHash": "Gnoegnprezaqlx+X0T+bkOJsVzS9kKerfIeiLrw0nEEtu3tvT5hoEnv4uCqy+OfV3EdLqk1aJyNI3S30RbGXgw==",
        "dependencies": {
          "Microsoft.Testing.Extensions.VSTestBridge": "1.8.4",
          "Microsoft.Testing.Platform.MSBuild": "1.8.4"
        }
      },
      "MSTest.TestFramework": {
        "type": "Direct",
        "requested": "[3.10.4, )",
        "resolved": "3.10.4",
        "contentHash": "i6P4/1d2Nc4O5eOcTfvjqc/psgNNuyfMPNNU3cTvQe56bznykTZ1X88eB8JmYa+V3UiTTBKXyDP9yUb8oezLoQ==",
        "dependencies": {
          "MSTest.Analyzers": "3.10.4"
        }
      },
      "Castle.Core": {
        "type": "Transitive",
        "resolved": "5.1.1",
        "contentHash": "rpYtIczkzGpf+EkZgDr9CClTdemhsrwA/W5hMoPjLkRFnXzH44zDLoovXeKtmxb1ykXK9aJVODSpiJml8CTw2g==",
        "dependencies": {
          "System.Diagnostics.EventLog": "6.0.0"
        }
      },
      "JetBrains.Annotations": {
        "type": "Transitive",
        "resolved": "2025.2.2",
        "contentHash": "0X56ZRizuHdrnPpgXjWV7f2tQO1FlQg5O1967OGKnI/4ZRNOK642J8L7brM1nYvrxTTU5TP1yRyXLRLaXLPQ8A=="
      },
      "Microsoft.ApplicationInsights": {
        "type": "Transitive",
        "resolved": "2.23.0",
        "contentHash": "nWArUZTdU7iqZLycLKWe0TDms48KKGE6pONH2terYNa8REXiqixrMOkf1sk5DHGMaUTqONU2YkS4SAXBhLStgw==",
        "dependencies": {
          "System.Diagnostics.DiagnosticSource": "5.0.0"
        }
      },
      "Microsoft.Bcl.AsyncInterfaces": {
        "type": "Transitive",
        "resolved": "6.0.0",
        "contentHash": "UcSjPsst+DfAdJGVDsu346FX0ci0ah+lw3WRtn18NUwEqRt70HaOQ7lI72vy3+1LxtqI3T5GWwV39rQSrCzAeg=="
      },
      "Microsoft.CodeCoverage": {
        "type": "Transitive",
        "resolved": "17.13.0",
        "contentHash": "9LIUy0y+DvUmEPtbRDw6Bay3rzwqFV8P4efTrK4CZhQle3M/QwLPjISghfcolmEGAPWxuJi6m98ZEfk4VR4Lfg=="
      },
      "Microsoft.DiaSymReader": {
        "type": "Transitive",
        "resolved": "2.0.0",
        "contentHash": "QcZrCETsBJqy/vQpFtJc+jSXQ0K5sucQ6NUFbTNVHD4vfZZOwjZ/3sBzczkC4DityhD3AVO/+K/+9ioLs1AgRA=="
      },
      "Microsoft.Extensions.DependencyInjection": {
        "type": "Transitive",
        "resolved": "9.0.8",
        "contentHash": "JJjI2Fa+QtZcUyuNjbKn04OjIUX5IgFGFu/Xc+qvzh1rXdZHLcnqqVXhR4093bGirTwacRlHiVg1XYI9xum6QQ==",
        "dependencies": {
          "Microsoft.Extensions.DependencyInjection.Abstractions": "9.0.8"
        }
      },
      "Microsoft.Extensions.DependencyInjection.Abstractions": {
        "type": "Transitive",
        "resolved": "9.0.8",
        "contentHash": "xY3lTjj4+ZYmiKIkyWitddrp1uL5uYiweQjqo4BKBw01ZC4HhcfgLghDpPZcUlppgWAFqFy9SgkiYWOMx365pw=="
      },
      "Microsoft.Extensions.DependencyModel": {
        "type": "Transitive",
        "resolved": "8.0.2",
        "contentHash": "mUBDZZRgZrSyFOsJ2qJJ9fXfqd/kXJwf3AiDoqLD9m6TjY5OO/vLNOb9fb4juC0487eq4hcGN/M2Rh/CKS7QYw=="
      },
      "Microsoft.Extensions.Logging.Abstractions": {
        "type": "Transitive",
        "resolved": "9.0.8",
        "contentHash": "pYnAffJL7ARD/HCnnPvnFKSIHnTSmWz84WIlT9tPeQ4lHNiu0Az7N/8itihWvcF8sT+VVD5lq8V+ckMzu4SbOw==",
        "dependencies": {
          "Microsoft.Extensions.DependencyInjection.Abstractions": "9.0.8"
        }
      },
      "Microsoft.Extensions.Options": {
        "type": "Transitive",
        "resolved": "9.0.8",
        "contentHash": "OmTaQ0v4gxGQkehpwWIqPoEiwsPuG/u4HUsbOFoWGx4DKET2AXzopnFe/fE608FIhzc/kcg2p8JdyMRCCUzitQ==",
        "dependencies": {
          "Microsoft.Extensions.DependencyInjection.Abstractions": "9.0.8",
          "Microsoft.Extensions.Primitives": "9.0.8"
        }
      },
      "Microsoft.Extensions.Primitives": {
        "type": "Transitive",
        "resolved": "9.0.8",
        "contentHash": "tizSIOEsIgSNSSh+hKeUVPK7xmTIjR8s+mJWOu1KXV3htvNQiPMFRMO17OdI1y/4ZApdBVk49u/08QGC9yvLug=="
      },
      "Microsoft.Testing.Extensions.Telemetry": {
        "type": "Transitive",
        "resolved": "1.8.4",
        "contentHash": "NbwjZtoXLcmPH/qtCSU3x+jQ4xBw+Ia8FVA9m4Tlvk1qtk/4LYUN7hZyA2/xVPgSPerYJoYqLy1mDG+DWfR2Ew==",
        "dependencies": {
          "Microsoft.ApplicationInsights": "2.23.0",
          "Microsoft.Testing.Platform": "1.8.4"
        }
      },
      "Microsoft.Testing.Extensions.TrxReport.Abstractions": {
        "type": "Transitive",
        "resolved": "1.8.4",
        "contentHash": "jDGV5d9K5zeQG6I5ZHZrrXd0sO9up/XLpb5qI5W+FPGJx5JXx5yEiwkw0MIEykH9ydeMASPOmjbY/7jS++gYwA==",
        "dependencies": {
          "Microsoft.Testing.Platform": "1.8.4"
        }
      },
      "Microsoft.Testing.Extensions.VSTestBridge": {
        "type": "Transitive",
        "resolved": "1.8.4",
        "contentHash": "t4ZgIrdURpF96XTyw3HLSwlYb22x/tpxcCMipcIYFV6QgCtmPQrVNVrPLNazNkJF8egXqumtC2hnDca+0KdRQQ==",
        "dependencies": {
          "Microsoft.TestPlatform.AdapterUtilities": "17.13.0",
          "Microsoft.TestPlatform.ObjectModel": "17.13.0",
          "Microsoft.Testing.Extensions.Telemetry": "1.8.4",
          "Microsoft.Testing.Extensions.TrxReport.Abstractions": "1.8.4",
          "Microsoft.Testing.Platform": "1.8.4"
        }
      },
      "Microsoft.Testing.Platform": {
        "type": "Transitive",
        "resolved": "1.8.4",
        "contentHash": "MpYE6A13G9zLZjkDmy2Fm/R0MRkjBR75P0F8B1yLaUshaATixPlk2S2OE6u/rlqtqMkbEyM7F6wxc332gZpBpA=="
      },
      "Microsoft.Testing.Platform.MSBuild": {
        "type": "Transitive",
        "resolved": "1.8.4",
        "contentHash": "RnS7G0eXAopdIf/XPGFNW8HUwZxRq5iGX34rVYhyDUbLS7sF513yosd4P50GtjBKqOay4qb+WHYr4NkWjtUWzQ==",
        "dependencies": {
          "Microsoft.Testing.Platform": "1.8.4"
        }
      },
      "Microsoft.TestPlatform.AdapterUtilities": {
        "type": "Transitive",
        "resolved": "17.13.0",
        "contentHash": "bFZ3uAhosdXjyXKURDQy37fPosCJQwedB5DG/SzsXL1QXsrfsIYty2kQMqCRRUqm8sBZBRHWRp4BT9SmpWXcKQ=="
      },
      "Microsoft.TestPlatform.ObjectModel": {
        "type": "Transitive",
        "resolved": "17.13.0",
        "contentHash": "bt0E0Dx+iqW97o4A59RCmUmz/5NarJ7LRL+jXbSHod72ibL5XdNm1Ke+UO5tFhBG4VwHLcSjqq9BUSblGNWamw==",
        "dependencies": {
          "System.Reflection.Metadata": "1.6.0"
        }
      },
      "Microsoft.TestPlatform.TestHost": {
        "type": "Transitive",
        "resolved": "17.13.0",
        "contentHash": "9GGw08Dc3AXspjekdyTdZ/wYWFlxbgcF0s7BKxzVX+hzAwpifDOdxM+ceVaaJSQOwqt3jtuNlHn3XTpKUS9x9Q==",
        "dependencies": {
          "Microsoft.TestPlatform.ObjectModel": "17.13.0",
          "Newtonsoft.Json": "13.0.1"
        }
      },
      "MSTest.Analyzers": {
        "type": "Transitive",
        "resolved": "3.10.4",
        "contentHash": "a3IHTsbd+iS0pZUI7KC6nCCQgTOhjPyqDwPOtKLGCwjRifQ9N4K40qTqCaQlPOxwKaIxVwDLRYFvdY9NTDVi0w=="
      },
      "Newtonsoft.Json": {
        "type": "Transitive",
        "resolved": "13.0.1",
        "contentHash": "ppPFpBcvxdsfUonNcvITKqLl3bqxWbDCZIzDWHzjpdAHRFfZe0Dw9HmA0+za13IdyrgJwpkDTDA9fHaxOrt20A=="
      },
      "Nito.AsyncEx": {
        "type": "Transitive",
        "resolved": "5.1.2",
        "contentHash": "hq+N63M/2znx2z1VzvPDHNg+HIWKdIloEZre+P7E0O+2iRf1Q4HBOgeiJU6SzFD/fWoyKyKSSSrekk4RgiXaeQ==",
        "dependencies": {
          "Nito.AsyncEx.Context": "5.1.2",
          "Nito.AsyncEx.Coordination": "5.1.2",
          "Nito.AsyncEx.Interop.WaitHandles": "5.1.2",
          "Nito.AsyncEx.Oop": "5.1.2",
          "Nito.AsyncEx.Tasks": "5.1.2",
          "Nito.Cancellation": "1.1.2"
        }
      },
      "Nito.AsyncEx.Context": {
        "type": "Transitive",
        "resolved": "5.1.2",
        "contentHash": "rMwL7Nj3oNyvFu/jxUzQ/YBobEkM2RQHe+5mpCDRyq6mfD7vCj7Z3rjB6XgpM6Mqcx1CA2xGv0ascU/2Xk8IIg==",
        "dependencies": {
          "Nito.AsyncEx.Tasks": "5.1.2"
        }
      },
      "Nito.AsyncEx.Coordination": {
        "type": "Transitive",
        "resolved": "5.1.2",
        "contentHash": "QMyUfsaxov//0ZMbOHWr9hJaBFteZd66DV1ay4J5wRODDb8+K/uHC7+3VsOflo6SVw/29mu8OWZp8vMDSuzc0w==",
        "dependencies": {
          "Nito.AsyncEx.Tasks": "5.1.2",
          "Nito.Collections.Deque": "1.1.1"
        }
      },
      "Nito.AsyncEx.Interop.WaitHandles": {
        "type": "Transitive",
        "resolved": "5.1.2",
        "contentHash": "qym29lFBCSIacKvFcJDW+beXzuO+6y9lWdd1KecxzzAqtNuvlYgNPwIsxwdhEINLhTT4aDuCM3JalpUZYWI51Q==",
        "dependencies": {
          "Nito.AsyncEx.Tasks": "5.1.2"
        }
      },
      "Nito.AsyncEx.Oop": {
        "type": "Transitive",
        "resolved": "5.1.2",
        "contentHash": "MxQl/NFoPgMApyjbB2fSZBrjdf9r6ODd/BTrWLyJKYX6UeNfw0Ocr0cPiTg2LRN0Ayud8Gj4dh67AdasNn709Q==",
        "dependencies": {
          "Nito.AsyncEx.Coordination": "5.1.2"
        }
      },
      "Nito.AsyncEx.Tasks": {
        "type": "Transitive",
        "resolved": "5.1.2",
        "contentHash": "jEkCfR2/M26OK/U4G7SEN063EU/F4LiVA06TtpZILMdX/quIHCg+wn31Zerl2LC+u1cyFancjTY3cNAr2/89PA==",
        "dependencies": {
          "Nito.Disposables": "2.2.1"
        }
      },
      "Nito.Cancellation": {
        "type": "Transitive",
        "resolved": "1.1.2",
        "contentHash": "Z+SZKp0KxMC6tEVbXe8ah4pBJadyqP0pObQMaZcBavhIDEIsGuxt7PL+B9AiNJD3Ni5VgnZsnii5HPJgVDE81w==",
        "dependencies": {
          "Nito.Disposables": "2.2.1"
        }
      },
      "Nito.Collections.Deque": {
        "type": "Transitive",
        "resolved": "1.1.1",
        "contentHash": "CU0/Iuv5VDynK8I8pDLwkgF0rZhbQoZahtodfL0M3x2gFkpBRApKs8RyMyNlAi1mwExE4gsmqQXk4aFVvW9a4Q=="
      },
      "Nito.Disposables": {
        "type": "Transitive",
        "resolved": "2.2.1",
        "contentHash": "6sZ5uynQeAE9dPWBQGKebNmxbY4xsvcc5VplB5WkYEESUS7oy4AwnFp0FhqxTSKm/PaFrFqLrYr696CYN8cugg==",
        "dependencies": {
          "System.Collections.Immutable": "1.7.1"
        }
      },
      "QuadTrees.Core": {
        "type": "Transitive",
        "resolved": "1.0.0",
        "contentHash": "2aweF/a+YNaAJAg/6lKKo+C5p/LkVz+AgJ8w0URUglp2HbG5M1rwGQuMU8JjYLQYxd8ctqnX3lEbCxiB0ixeIA=="
      },
      "Scrutor": {
        "type": "Transitive",
        "resolved": "6.1.0",
        "contentHash": "m4+0RdgnX+jeiaqteq9x5SwEtuCjWG0KTw1jBjCzn7V8mCanXKoeF8+59E0fcoRbAjdEq6YqHFCmxZ49Kvqp3g==",
        "dependencies": {
          "Microsoft.Extensions.DependencyInjection.Abstractions": "8.0.1",
          "Microsoft.Extensions.DependencyModel": "8.0.2"
        }
      },
      "SharpZipLib": {
        "type": "Transitive",
        "resolved": "1.4.2",
        "contentHash": "yjj+3zgz8zgXpiiC3ZdF/iyTBbz2fFvMxZFEBPUcwZjIvXOf37Ylm+K58hqMfIBt5JgU/Z2uoUS67JmTLe973A=="
      },
      "SixLabors.ImageSharp": {
        "type": "Transitive",
        "resolved": "3.1.11",
        "contentHash": "JfPLyigLthuE50yi6tMt7Amrenr/fA31t2CvJyhy/kQmfulIBAqo5T/YFUSRHtuYPXRSaUHygFeh6Qd933EoSw=="
      },
      "System.Collections.Immutable": {
        "type": "Transitive",
        "resolved": "8.0.0",
        "contentHash": "AurL6Y5BA1WotzlEvVaIDpqzpIPvYnnldxru8oXJU2yFxFUy3+pNXjXd1ymO+RA0rq0+590Q8gaz2l3Sr7fmqg=="
      },
      "System.Diagnostics.DiagnosticSource": {
        "type": "Transitive",
        "resolved": "5.0.0",
        "contentHash": "tCQTzPsGZh/A9LhhA6zrqCRV4hOHsK90/G7q3Khxmn6tnB1PuNU0cRaKANP2AWcF9bn0zsuOoZOSrHuJk6oNBA=="
      },
      "System.Diagnostics.EventLog": {
        "type": "Transitive",
        "resolved": "6.0.0",
        "contentHash": "lcyUiXTsETK2ALsZrX+nWuHSIQeazhqPphLfaRxzdGaG93+0kELqpgEHtwWOlQe7+jSFnKwaCAgL4kjeZCQJnw=="
      },
      "System.Linq.Async": {
        "type": "Transitive",
        "resolved": "6.0.1",
        "contentHash": "0YhHcaroWpQ9UCot3Pizah7ryAzQhNvobLMSxeDIGmnXfkQn8u5owvpOH0K6EVB+z9L7u6Cc4W17Br/+jyttEQ==",
        "dependencies": {
          "Microsoft.Bcl.AsyncInterfaces": "6.0.0"
        }
      },
      "System.Reactive": {
        "type": "Transitive",
        "resolved": "6.0.2",
        "contentHash": "jEK6E66wojW/dPPnLyOHuAQwa7WKvXwPd5vXcMNNi1igvFyzHQVRNlpmnBb3I1URBsK5PGJcJYRykERZJr0l4g=="
      },
      "System.Reflection.Metadata": {
        "type": "Transitive",
        "resolved": "8.0.0",
        "contentHash": "ptvgrFh7PvWI8bcVqG5rsA/weWM09EnthFHR5SCnS6IN+P4mj6rE1lBDC4U8HL9/57htKAqy4KQ3bBj84cfYyQ==",
        "dependencies": {
          "System.Collections.Immutable": "8.0.0"
        }
      },
      "hagalaz.cache": {
        "type": "Project",
        "dependencies": {
          "Hagalaz.Cache.Abstractions": "[1.0.0, )",
          "Hagalaz.Cache.Extensions": "[1.0.0, )",
          "Hagalaz.Security": "[1.0.0, )",
          "Microsoft.Extensions.DependencyInjection.Abstractions": "[9.0.8, )",
          "Microsoft.Extensions.Logging.Abstractions": "[9.0.8, )",
          "Microsoft.Extensions.Options": "[9.0.8, )",
          "SharpZipLib": "[1.4.2, )",
          "SixLabors.ImageSharp": "[3.1.11, )"
        }
      },
      "hagalaz.cache.abstractions": {
        "type": "Project"
      },
      "hagalaz.cache.extensions": {
        "type": "Project",
        "dependencies": {
          "Hagalaz.Cache.Abstractions": "[1.0.0, )"
        }
      },
      "hagalaz.collections.extensions": {
        "type": "Project"
      },
      "hagalaz.configuration": {
        "type": "Project"
      },
      "hagalaz.dependencyinjection.extensions": {
        "type": "Project",
        "dependencies": {
          "Microsoft.Extensions.DependencyInjection.Abstractions": "[9.0.8, )"
        }
      },
      "hagalaz.game": {
        "type": "Project",
        "dependencies": {
          "Hagalaz.DependencyInjection.Extensions": "[1.0.0, )",
          "Hagalaz.Game.Abstractions": "[1.0.0, )",
          "Microsoft.Extensions.Options": "[9.0.8, )",
          "Nito.AsyncEx": "[5.1.2, )",
          "QuadTrees.Core": "[1.0.0, )"
        }
      },
      "hagalaz.game.abstractions": {
        "type": "Project",
        "dependencies": {
          "Hagalaz.Cache.Abstractions": "[1.0.0, )",
          "Hagalaz.Utilities": "[1.0.0, )",
          "Microsoft.Extensions.DependencyInjection": "[9.0.8, )",
          "Raido.Common": "[1.0.0, )"
        }
      },
      "hagalaz.game.common": {
        "type": "Project",
        "dependencies": {
          "Hagalaz.DependencyInjection.Extensions": "[1.0.0, )",
          "Hagalaz.Game.Abstractions": "[1.0.0, )"
        }
      },
      "hagalaz.game.configuration": {
        "type": "Project"
      },
      "hagalaz.game.extensions": {
        "type": "Project",
        "dependencies": {
          "Hagalaz.Configuration": "[1.0.0, )",
          "Hagalaz.Game.Abstractions": "[1.0.0, )",
          "Hagalaz.Game.Utilities": "[1.0.0, )",
          "System.Reactive": "[6.0.2, )"
        }
      },
      "hagalaz.game.features": {
        "type": "Project",
        "dependencies": {
          "Hagalaz.Game.Abstractions": "[1.0.0, )",
          "Hagalaz.Utilities": "[1.0.0, )"
        }
      },
      "hagalaz.game.resources": {
        "type": "Project"
      },
      "hagalaz.game.scripts": {
        "type": "Project",
        "dependencies": {
          "Hagalaz.Cache": "[1.0.0, )",
          "Hagalaz.Collections.Extensions": "[1.0.0, )",
          "Hagalaz.Configuration": "[1.0.0, )",
          "Hagalaz.Game": "[1.0.0, )",
          "Hagalaz.Game.Abstractions": "[1.0.0, )",
          "Hagalaz.Game.Common": "[1.0.0, )",
          "Hagalaz.Game.Configuration": "[1.0.0, )",
          "Hagalaz.Game.Extensions": "[1.0.0, )",
          "Hagalaz.Game.Features": "[1.0.0, )",
          "Hagalaz.Game.Resources": "[1.0.0, )",
          "Hagalaz.Game.Utilities": "[1.0.0, )",
          "JetBrains.Annotations": "[2025.2.2, )",
          "Scrutor": "[6.1.0, )",
          "System.Linq.Async": "[6.0.1, )"
        }
      },
      "hagalaz.game.utilities": {
        "type": "Project"
      },
      "hagalaz.security": {
        "type": "Project"
      },
      "hagalaz.utilities": {
        "type": "Project"
      },
      "raido.common": {
        "type": "Project"
      }
    }
  }
}