{
  "version": 1,
  "dependencies": {
    "net9.0": {
      "Microsoft.Extensions.Hosting.Abstractions": {
        "type": "Direct",
        "requested": "[9.0.6, )",
        "resolved": "9.0.6",
        "contentHash": "G9T95JbcG/wQpeVIzg0IMwxI+uTywDmbxWUWN2P0mdna35rmuTqgTrZ4SU5rcfUT3EJfbI9N4K8UyCAAc6QK8Q==",
        "dependencies": {
          "Microsoft.Extensions.Configuration.Abstractions": "9.0.6",
          "Microsoft.Extensions.DependencyInjection.Abstractions": "9.0.6",
          "Microsoft.Extensions.Diagnostics.Abstractions": "9.0.6",
          "Microsoft.Extensions.FileProviders.Abstractions": "9.0.6",
          "Microsoft.Extensions.Logging.Abstractions": "9.0.6"
        }
      },
      "Microsoft.Extensions.Logging.Abstractions": {
        "type": "Direct",
        "requested": "[9.0.6, )",
        "resolved": "9.0.6",
        "contentHash": "LFnyBNK7WtFmKdnHu3v0HOYQ8BcjYuy0jdC9pgCJ/rbLKoJEG9/dBzSKMEeeWDbDeoWS0TIxOC8a9CM5ufca3A==",
        "dependencies": {
          "Microsoft.Extensions.DependencyInjection.Abstractions": "9.0.6"
        }
      },
      "Microsoft.AspNetCore.Authorization": {
        "type": "Transitive",
        "resolved": "9.0.6",
        "contentHash": "FG/fHZAg2J9NKt+y2BH+fMjc+TqA7wlri/3PNtoSgvclMlr5iPshDLXHQgvS9l7IUzzfkqQ3/DWPYuA4OJu75A==",
        "dependencies": {
          "Microsoft.AspNetCore.Metadata": "9.0.6",
          "Microsoft.Extensions.Logging.Abstractions": "9.0.6",
          "Microsoft.Extensions.Options": "9.0.6"
        }
      },
      "Microsoft.AspNetCore.Diagnostics.EntityFrameworkCore": {
        "type": "Transitive",
        "resolved": "9.0.6",
        "contentHash": "7Wg5uVgPGSPVdk/ci+zMH1i5y5R5CJJFn+uxRs0RrDv6VSZZS8emqqN8SD4wRHqK/xeAUjWwew88PqBUToLoZw==",
        "dependencies": {
          "Microsoft.EntityFrameworkCore.Relational": "9.0.6"
        }
      },
      "Microsoft.AspNetCore.Metadata": {
        "type": "Transitive",
        "resolved": "9.0.6",
        "contentHash": "SZAmFKGsQPP/xyDir96J5UNTAdCsfeCpPwFO9EewIcgQ8gUr3KHmn4CTC2HmHIDdiTujGC2T3VBcSxmrY+3n/g=="
      },
      "Microsoft.EntityFrameworkCore": {
        "type": "Transitive",
        "resolved": "9.0.6",
        "contentHash": "r5hzM6Bhw4X3z28l5vmsaCPjk9VsQP4zaaY01THh1SAYjgTMVadYIvpNkCfmrv/Klks6aIf2A9eY7cpGZab/hg==",
        "dependencies": {
          "Microsoft.EntityFrameworkCore.Abstractions": "9.0.6",
          "Microsoft.EntityFrameworkCore.Analyzers": "9.0.6",
          "Microsoft.Extensions.Caching.Memory": "9.0.6",
          "Microsoft.Extensions.Logging": "9.0.6"
        }
      },
      "Microsoft.EntityFrameworkCore.Abstractions": {
        "type": "Transitive",
        "resolved": "9.0.6",
        "contentHash": "7MkhPK8emb8hfOx/mFVvHuIHxQ+mH2YdlK4sFUXgsGlvR0A44vsmd2wcHavZOTTzaKhN+aFUVy3zmkztKmTo+A=="
      },
      "Microsoft.EntityFrameworkCore.Analyzers": {
        "type": "Transitive",
        "resolved": "9.0.6",
        "contentHash": "VKggHNQC5FCn3/vooaIM/4aEjGmrmWm78IrdRLz9lLV0Rm9bVHEr/jiWApDkU0U9ec2xGAilvQqJ5mMX7QC2cw=="
      },
      "Microsoft.EntityFrameworkCore.Relational": {
        "type": "Transitive",
        "resolved": "9.0.6",
        "contentHash": "Ht6OT17sYnO31Dx+hX72YHrc5kZt53g5napaw0FpyIekXCvb+gUVvufEG55Fa7taFm8ccy0Vzs+JVNR9NL0JlA==",
        "dependencies": {
          "Microsoft.EntityFrameworkCore": "9.0.6",
          "Microsoft.Extensions.Caching.Memory": "9.0.6",
          "Microsoft.Extensions.Configuration.Abstractions": "9.0.6",
          "Microsoft.Extensions.Logging": "9.0.6"
        }
      },
      "Microsoft.Extensions.Caching.Abstractions": {
        "type": "Transitive",
        "resolved": "9.0.6",
        "contentHash": "bL/xQsVNrdVkzjP5yjX4ndkQ03H3+Bk3qPpl+AMCEJR2RkfgAYmoQ/xXffPV7is64+QHShnhA12YAaFmNbfM+A==",
        "dependencies": {
          "Microsoft.Extensions.Primitives": "9.0.6"
        }
      },
      "Microsoft.Extensions.Caching.Memory": {
        "type": "Transitive",
        "resolved": "9.0.6",
        "contentHash": "qPW2d798tBPZcRmrlaBJqyChf2+0odDdE+0Lxvrr0ywkSNl1oNMK8AKrOfDwyXyjuLCv0ua7p6nrUExCeXhCcg==",
        "dependencies": {
          "Microsoft.Extensions.Caching.Abstractions": "9.0.6",
          "Microsoft.Extensions.DependencyInjection.Abstractions": "9.0.6",
          "Microsoft.Extensions.Logging.Abstractions": "9.0.6",
          "Microsoft.Extensions.Options": "9.0.6",
          "Microsoft.Extensions.Primitives": "9.0.6"
        }
      },
      "Microsoft.Extensions.Configuration": {
        "type": "Transitive",
        "resolved": "9.0.6",
        "contentHash": "VWB5jdkxHsRiuoniTqwOL32R4OWyp5If/bAucLjRJczRVNcwb8iCXKLjn3Inv8fv+jHMVMnvQLg7xhSys+y5PA==",
        "dependencies": {
          "Microsoft.Extensions.Configuration.Abstractions": "9.0.6",
          "Microsoft.Extensions.Primitives": "9.0.6"
        }
      },
      "Microsoft.Extensions.Configuration.Abstractions": {
        "type": "Transitive",
        "resolved": "9.0.6",
        "contentHash": "3GgMIi2jP8g1fBW93Z9b9Unamc0SIsgyhiCmC91gq4loTixK9vQMuxxUsfJ1kRGwn+/FqLKwOHqmn0oYWn3Fvw==",
        "dependencies": {
          "Microsoft.Extensions.Primitives": "9.0.6"
        }
      },
      "Microsoft.Extensions.DependencyInjection": {
        "type": "Transitive",
        "resolved": "9.0.6",
        "contentHash": "vS65HMo5RS10DD543fknsyVDxihMcVxVn3/hNaILgBxWYnOLxWIeCIO9X0QFuCvPRNjClvXe9Aj8KaQNx7vFkQ==",
        "dependencies": {
          "Microsoft.Extensions.DependencyInjection.Abstractions": "9.0.6"
        }
      },
      "Microsoft.Extensions.DependencyInjection.Abstractions": {
        "type": "Transitive",
        "resolved": "9.0.6",
        "contentHash": "0Zn6nR/6g+90MxskZyOOMPQvnPnrrGu6bytPwkV+azDcTtCSuQ1+GJUrg8Klmnrjk1i6zMpw2lXijl+tw7Q3kA=="
      },
      "Microsoft.Extensions.Diagnostics.Abstractions": {
        "type": "Transitive",
        "resolved": "9.0.6",
        "contentHash": "GIoXX7VDcTEsNM6yvffTBaOwnPQELGI5dzExR7L2O7AUkDsHBYIZawUbuwfq3cYzz8dIAAJotQYJMzH7qy27Ng==",
        "dependencies": {
          "Microsoft.Extensions.DependencyInjection.Abstractions": "9.0.6",
          "Microsoft.Extensions.Options": "9.0.6"
        }
      },
      "Microsoft.Extensions.FileProviders.Abstractions": {
        "type": "Transitive",
        "resolved": "9.0.6",
        "contentHash": "q9FPkSGVA9ipI255p3PBAvWNXas5Tzjyp/DwYSwT+46mIFw9fWZahsF6vHpoxLt5/vtANotH2sAm7HunuFIx9g==",
        "dependencies": {
          "Microsoft.Extensions.Primitives": "9.0.6"
        }
      },
      "Microsoft.Extensions.Logging": {
        "type": "Transitive",
        "resolved": "9.0.6",
        "contentHash": "XBzjitTFaQhF8EbJ645vblZezV1p52ePTxKHoVkRidHF11Xkjxg94qr0Rvp2qyxK2vBJ4OIZ41NB15YUyxTGMQ==",
        "dependencies": {
          "Microsoft.Extensions.DependencyInjection": "9.0.6",
          "Microsoft.Extensions.Logging.Abstractions": "9.0.6",
          "Microsoft.Extensions.Options": "9.0.6"
        }
      },
      "Microsoft.Extensions.Options": {
        "type": "Transitive",
        "resolved": "9.0.6",
        "contentHash": "wUPhNM1zsI58Dy10xRdF2+pnsisiUuETg5ZBncyAEEUm/CQ9Q1vmivyUWH8RDbAlqyixf2dJNQ2XZb7HsKUEQw==",
        "dependencies": {
          "Microsoft.Extensions.DependencyInjection.Abstractions": "9.0.6",
          "Microsoft.Extensions.Primitives": "9.0.6"
        }
      },
      "Microsoft.Extensions.Primitives": {
        "type": "Transitive",
        "resolved": "9.0.6",
        "contentHash": "BHniU24QV67qp1pJknqYSofAPYGmijGI8D+ci9yfw33iuFdyOeB9lWTg78ThyYLyQwZw3s0vZ36VMb0MqbUuLw=="
      },
      "hagalaz.services.abstractions": {
        "type": "Project"
      },
      "hagalaz.services.common": {
        "type": "Project",
        "dependencies": {
          "Hagalaz.Services.Abstractions": "[1.0.0, )",
          "Microsoft.AspNetCore.Authorization": "[9.0.6, )",
          "Microsoft.AspNetCore.Diagnostics.EntityFrameworkCore": "[9.0.6, )",
          "Microsoft.EntityFrameworkCore": "[9.0.6, )",
          "Microsoft.Extensions.Configuration": "[9.0.6, )"
        }
      }
    }
  }
}