{
  "version": 1,
  "dependencies": {
    "net9.0": {
      "AutoMapper": {
        "type": "Direct",
        "requested": "[14.0.0, 15.0.0)",
        "resolved": "14.0.0",
        "contentHash": "OC+1neAPM4oCCqQj3g2GJ2shziNNhOkxmNB9cVS8jtx4JbgmRzLcUOxB9Tsz6cVPHugdkHgCaCrTjjSI0Z5sCQ==",
        "dependencies": {
          "Microsoft.Extensions.Options": "8.0.0"
        }
      },
      "MassTransit": {
        "type": "Direct",
        "requested": "[8.5.1, )",
        "resolved": "8.5.1",
        "contentHash": "2Z/kgYvOyq8jv3HRJ9D0A3rGjMY+QuWyJ5kSj+UICqjijjsls/Tp1ZF2SAcBwShJMSs++6bNLapMCUp7AW4AZg==",
        "dependencies": {
          "MassTransit.Abstractions": "8.5.1",
          "Microsoft.Extensions.DependencyInjection.Abstractions": "9.0.0",
          "Microsoft.Extensions.Diagnostics.HealthChecks": "9.0.0",
          "Microsoft.Extensions.Hosting.Abstractions": "9.0.0",
          "Microsoft.Extensions.Logging.Abstractions": "9.0.0",
          "Microsoft.Extensions.Options": "9.0.0"
        }
      },
      "MassTransit.RabbitMQ": {
        "type": "Direct",
        "requested": "[8.5.1, )",
        "resolved": "8.5.1",
        "contentHash": "pDGZaAYiFATUaCaBPYywHIdV1c3qSdLKvkMJnJoLRWot7/2fj7lhsAjNvITQj1Ly6o+yBWOClEDVeAb65doygA==",
        "dependencies": {
          "MassTransit": "8.5.1",
          "RabbitMQ.Client": "7.1.2"
        }
      },
      "System.Linq.Async": {
        "type": "Direct",
        "requested": "[6.0.3, )",
        "resolved": "6.0.3",
        "contentHash": "hSHiq2m1ky7zUQgTp+/2h1K3lABIQ+GltRixoclHPg/Sc1vnfeS6g/Uy5moOVZKrZJdQiFPFZd6OobBp3tZcFg=="
      },
      "Aspire.Pomelo.EntityFrameworkCore.MySql": {
        "type": "Transitive",
        "resolved": "9.3.1",
        "contentHash": "tQxS3dlz7hr9AKnydrxjC8QM6wrcSC0z3B/g+FPeNmCXalj8yHj/zoDREbvXRV4RbdLkAwgpCa3oDCWbAHk38g==",
        "dependencies": {
          "Microsoft.Extensions.Configuration.Abstractions": "8.0.0",
          "Microsoft.Extensions.Configuration.Binder": "8.0.2",
          "Microsoft.Extensions.DependencyInjection.Abstractions": "8.0.2",
          "Microsoft.Extensions.Diagnostics.HealthChecks": "8.0.15",
          "Microsoft.Extensions.Diagnostics.HealthChecks.EntityFrameworkCore": "8.0.15",
          "Microsoft.Extensions.Hosting.Abstractions": "8.0.1",
          "Microsoft.Extensions.Logging.Abstractions": "8.0.3",
          "Microsoft.Extensions.Options": "8.0.2",
          "Microsoft.Extensions.Primitives": "8.0.0",
          "MySqlConnector.Logging.Microsoft.Extensions.Logging": "2.1.0",
          "OpenTelemetry.Extensions.Hosting": "1.9.0",
          "Polly.Core": "8.5.2",
          "Polly.Extensions": "8.5.2",
          "Pomelo.EntityFrameworkCore.MySql": "8.0.3"
        }
      },
      "Castle.Core": {
        "type": "Transitive",
        "resolved": "5.1.1",
        "contentHash": "rpYtIczkzGpf+EkZgDr9CClTdemhsrwA/W5hMoPjLkRFnXzH44zDLoovXeKtmxb1ykXK9aJVODSpiJml8CTw2g==",
        "dependencies": {
          "System.Diagnostics.EventLog": "6.0.0"
        }
      },
      "JetBrains.Annotations": {
        "type": "Transitive",
        "resolved": "2024.3.0",
        "contentHash": "ox5pkeLQXjvJdyAB4b2sBYAlqZGLh3PjSnP1bQNVx72ONuTJ9+34/+Rq91Fc0dG29XG9RgZur9+NcP4riihTug=="
      },
      "MassTransit.Abstractions": {
        "type": "Transitive",
        "resolved": "8.5.1",
        "contentHash": "C+uNjaS2EAOfU6n+kTpsgX+C4CdECVWU/giQ2ZS4ejHKd0POAYsd8ja/M+IOwOdW2hW6kbqGlTaKXH3rSiB5Ug=="
      },
      "Microsoft.AspNetCore.Authorization": {
        "type": "Transitive",
        "resolved": "9.0.7",
        "contentHash": "P0Gej6X5cEoK+sS9XpgYSzg0Nz8OOlvfQb12aOAJW/P4b9nAzLQCVoNp1GDyR/P8eMSnoPARiKPaa6q51iR0oA==",
        "dependencies": {
          "Microsoft.AspNetCore.Metadata": "9.0.7",
          "Microsoft.Extensions.Logging.Abstractions": "9.0.7",
          "Microsoft.Extensions.Options": "9.0.7"
        }
      },
      "Microsoft.AspNetCore.Cryptography.Internal": {
        "type": "Transitive",
        "resolved": "9.0.7",
        "contentHash": "5di3GKY/a9ceGAdVk78QFGMO55NrFRN1rnh4xNr7MHjOCOMhgcWkyv9051wkPUDfX+g2cNN6+ckHvNnlxUwc2A=="
      },
      "Microsoft.AspNetCore.Cryptography.KeyDerivation": {
        "type": "Transitive",
        "resolved": "9.0.7",
        "contentHash": "9ms7cTGHBzhCTfC8yIv9KfMrLKsRLg60jGsoZ/oEjoBXbqcEsXcjNtXqaOJCjpeltLDKoePrfSWzjhMUxTHHMA==",
        "dependencies": {
          "Microsoft.AspNetCore.Cryptography.Internal": "9.0.7"
        }
      },
      "Microsoft.AspNetCore.Diagnostics.EntityFrameworkCore": {
        "type": "Transitive",
        "resolved": "9.0.7",
        "contentHash": "ONwNMSCiOk3zmQUCtYan4xufMOFhpYTQ1IRj9WmdYly6SZqNSjVPZiaujXn6ajKnHtA5XpgDsLUYrnCSiFewNw==",
        "dependencies": {
          "Microsoft.EntityFrameworkCore.Relational": "9.0.7"
        }
      },
      "Microsoft.AspNetCore.Identity.EntityFrameworkCore": {
        "type": "Transitive",
        "resolved": "9.0.7",
        "contentHash": "tr4JHBgE/wN4Q/iQkWsi0oZXcaM7WFeZ1rpCUeTVka6az3DTtG0+RMuvZvPIq8U8vCANVuzqAcr+uUry4FUKrg==",
        "dependencies": {
          "Microsoft.EntityFrameworkCore.Relational": "9.0.7",
          "Microsoft.Extensions.Identity.Stores": "9.0.7"
        }
      },
      "Microsoft.AspNetCore.Metadata": {
        "type": "Transitive",
        "resolved": "9.0.7",
        "contentHash": "bM2x5yps2P6eXqFkR5ztKX7QRGGqJ4Vy5PxVdR7ADjYPNmMhrD57r8d9H++hpljk9sdjKI3Sppd7NZyA721nEA=="
      },
      "Microsoft.EntityFrameworkCore": {
        "type": "Transitive",
        "resolved": "9.0.7",
        "contentHash": "PbD0q5ax15r91jD4TN7xbDCjldZSz4JfpYN4ZZjAkWeUyROkV92Ydg0O2/1keFA+2u3KPsDkJMmBKv2zQ06ZVg==",
        "dependencies": {
          "Microsoft.EntityFrameworkCore.Abstractions": "9.0.7",
          "Microsoft.EntityFrameworkCore.Analyzers": "9.0.7",
          "Microsoft.Extensions.Caching.Memory": "9.0.7",
          "Microsoft.Extensions.Logging": "9.0.7"
        }
      },
      "Microsoft.EntityFrameworkCore.Abstractions": {
        "type": "Transitive",
        "resolved": "9.0.7",
        "contentHash": "YUXNerEkCf4OANO+zjuMznpUW7R8XxSCqmBfYhBrbrJVc09i84KkNgeUTaOUXCGogSK/3d7ORRhMqfUobnejBg=="
      },
      "Microsoft.EntityFrameworkCore.Analyzers": {
        "type": "Transitive",
        "resolved": "9.0.7",
        "contentHash": "HqiPjAvjVOsyA1svnjL81/Wk2MRQYMK/lxKVWvw0f5IcA//VcxBepVSAqe7CFirdsPXqe8rFKEwZROWZTz7Jqw=="
      },
      "Microsoft.EntityFrameworkCore.Proxies": {
        "type": "Transitive",
        "resolved": "9.0.7",
        "contentHash": "lPhrsrxYxslg5xW/vltvaKpnI7aw4FiADJ1+zRHNLRzZq8FV5L4AuyJAL6QEqp4UPewEl+yZqoRVNbuEcMzGWQ==",
        "dependencies": {
          "Castle.Core": "5.1.1",
          "Microsoft.EntityFrameworkCore": "9.0.7",
          "Microsoft.Extensions.Caching.Memory": "9.0.7",
          "Microsoft.Extensions.Logging": "9.0.7"
        }
      },
      "Microsoft.EntityFrameworkCore.Relational": {
        "type": "Transitive",
        "resolved": "9.0.7",
        "contentHash": "Yo5joquG7L79H5BhtpqP8apu+KFOAYfvmj0dZnVkPElBY14wY5qva0SOcrDWzYw5BrJrhIArfCcJCJHBvMYiKg==",
        "dependencies": {
          "Microsoft.EntityFrameworkCore": "9.0.7",
          "Microsoft.Extensions.Caching.Memory": "9.0.7",
          "Microsoft.Extensions.Configuration.Abstractions": "9.0.7",
          "Microsoft.Extensions.Logging": "9.0.7"
        }
      },
      "Microsoft.Extensions.Caching.Abstractions": {
        "type": "Transitive",
        "resolved": "9.0.7",
        "contentHash": "30necCQehcg9lFkMEIE7HczcoYGML8GUH6jlincA18d896fLZM9wl5tpTPJHgzANQE/6KXRLZSWbgevgg5csSw==",
        "dependencies": {
          "Microsoft.Extensions.Primitives": "9.0.7"
        }
      },
      "Microsoft.Extensions.Caching.Memory": {
        "type": "Transitive",
        "resolved": "9.0.7",
        "contentHash": "nDu6c8fwrHQYccLnWnvyElrdkL3rZ97TZNqL+niMFUcApVBHdpDmKcRvciGymJ4Y0iLDTOo5J2XhDQEbNb+dFg==",
        "dependencies": {
          "Microsoft.Extensions.Caching.Abstractions": "9.0.7",
          "Microsoft.Extensions.DependencyInjection.Abstractions": "9.0.7",
          "Microsoft.Extensions.Logging.Abstractions": "9.0.7",
          "Microsoft.Extensions.Options": "9.0.7",
          "Microsoft.Extensions.Primitives": "9.0.7"
        }
      },
      "Microsoft.Extensions.Configuration": {
        "type": "Transitive",
        "resolved": "9.0.7",
        "contentHash": "oxGR51+w5cXm5B9gU6XwpAB2sTiyPSmZm7hjvv0rzRnmL5o/KZzE103AuQj7sK26OBupjVzU/bZxDWvvU4nhEg==",
        "dependencies": {
          "Microsoft.Extensions.Configuration.Abstractions": "9.0.7",
          "Microsoft.Extensions.Primitives": "9.0.7"
        }
      },
      "Microsoft.Extensions.Configuration.Abstractions": {
        "type": "Transitive",
        "resolved": "9.0.7",
        "contentHash": "lut/kiVvNsQ120VERMUYSFhpXPpKjjql+giy03LesASPBBcC0o6+aoFdzJH9GaYpFTQ3fGVhVjKjvJDoAW5/IQ==",
        "dependencies": {
          "Microsoft.Extensions.Primitives": "9.0.7"
        }
      },
      "Microsoft.Extensions.Configuration.Binder": {
        "type": "Transitive",
        "resolved": "8.0.2",
        "contentHash": "7IQhGK+wjyGrNsPBjJcZwWAr+Wf6D4+TwOptUt77bWtgNkiV8tDEbhFS+dDamtQFZ2X7kWG9m71iZQRj2x3zgQ==",
        "dependencies": {
          "Microsoft.Extensions.Configuration.Abstractions": "8.0.0"
        }
      },
      "Microsoft.Extensions.DependencyInjection": {
        "type": "Transitive",
        "resolved": "9.0.7",
        "contentHash": "i05AYA91vgq0as84ROVCyltD2gnxaba/f1Qw2rG7mUsS0gv8cPTr1Gm7jPQHq7JTr4MJoQUcanLVs16tIOUJaQ==",
        "dependencies": {
          "Microsoft.Extensions.DependencyInjection.Abstractions": "9.0.7"
        }
      },
      "Microsoft.Extensions.DependencyInjection.Abstractions": {
        "type": "Transitive",
        "resolved": "9.0.7",
        "contentHash": "iPK1FxbGFr2Xb+4Y+dTYI8Gupu9pOi8I3JPuPsrogUmEhe2hzZ9LpCmolMEBhVDo2ikcSr7G5zYiwaapHSQTew=="
      },
      "Microsoft.Extensions.Diagnostics.Abstractions": {
        "type": "Transitive",
        "resolved": "9.0.7",
        "contentHash": "d39Ov1JpeWCGLCOTinlaDkujhrSAQ0HFxb7Su1BjhCKBfmDcQ6Ia1i3JI6kd3NFgwi1dexTunu82daDNwt7E6w==",
        "dependencies": {
          "Microsoft.Extensions.DependencyInjection.Abstractions": "9.0.7",
          "Microsoft.Extensions.Options": "9.0.7"
        }
      },
      "Microsoft.Extensions.Diagnostics.HealthChecks": {
        "type": "Transitive",
        "resolved": "9.0.0",
        "contentHash": "cxsK9/Dx7Ka9sfiA1nY8XlSzIaWff5FNRw0+ls8yR+aGzmnah5JGKsTHgQrehjMwGAVud/pjiUZ9MWizfUSkTQ==",
        "dependencies": {
          "Microsoft.Extensions.Diagnostics.HealthChecks.Abstractions": "9.0.0",
          "Microsoft.Extensions.Hosting.Abstractions": "9.0.0",
          "Microsoft.Extensions.Logging.Abstractions": "9.0.0",
          "Microsoft.Extensions.Options": "9.0.0"
        }
      },
      "Microsoft.Extensions.Diagnostics.HealthChecks.Abstractions": {
        "type": "Transitive",
        "resolved": "9.0.0",
        "contentHash": "H1IbHm/MnUgEV0N07WrkPBIIoX7isP6IPaqUdZ3CwbMcUVDGIu+okamW28kyDRfIiZqbTbyHuNIkr4ZSHPyvDw=="
      },
      "Microsoft.Extensions.Diagnostics.HealthChecks.EntityFrameworkCore": {
        "type": "Transitive",
        "resolved": "8.0.15",
        "contentHash": "neQk7FtMMKB17GaytOHt7Z4bmmxm23cDuF9r3nynHleOlWW5hEGmLs3PTqLPJySyb9x5HbrLuozD+DKbCCcVxw==",
        "dependencies": {
          "Microsoft.EntityFrameworkCore.Relational": "8.0.15",
          "Microsoft.Extensions.Diagnostics.HealthChecks": "8.0.15",
          "Microsoft.Extensions.Diagnostics.HealthChecks.Abstractions": "8.0.15"
        }
      },
      "Microsoft.Extensions.FileProviders.Abstractions": {
        "type": "Transitive",
        "resolved": "9.0.7",
        "contentHash": "y9djCca1cz/oz/J8jTxtoecNiNvaiGBJeWd7XOPxonH+FnfHqcfslJMcSr5JMinmWFyS7eh3C9L6m6oURZ5lSA==",
        "dependencies": {
          "Microsoft.Extensions.Primitives": "9.0.7"
        }
      },
      "Microsoft.Extensions.Hosting.Abstractions": {
        "type": "Transitive",
        "resolved": "9.0.7",
        "contentHash": "yG2JCXAR+VqI1mKqynLPNJlNlrUJeEISEpX4UznOp2uM4IEFz3pDDauzyMvTjICutEJtOigJ1yWBvxbaIlibBw==",
        "dependencies": {
          "Microsoft.Extensions.Configuration.Abstractions": "9.0.7",
          "Microsoft.Extensions.DependencyInjection.Abstractions": "9.0.7",
          "Microsoft.Extensions.Diagnostics.Abstractions": "9.0.7",
          "Microsoft.Extensions.FileProviders.Abstractions": "9.0.7",
          "Microsoft.Extensions.Logging.Abstractions": "9.0.7"
        }
      },
      "Microsoft.Extensions.Identity.Core": {
        "type": "Transitive",
        "resolved": "9.0.7",
        "contentHash": "yFMK7yhLYbiwiiKOI/A1rReteRbO4vnN3SPNF5YpUHf6BvSMn5K1TDa7GVszJBH/VmxP0EAsHnSH05GEV0x3cg==",
        "dependencies": {
          "Microsoft.AspNetCore.Cryptography.KeyDerivation": "9.0.7",
          "Microsoft.Extensions.Logging": "9.0.7",
          "Microsoft.Extensions.Options": "9.0.7"
        }
      },
      "Microsoft.Extensions.Identity.Stores": {
        "type": "Transitive",
        "resolved": "9.0.7",
        "contentHash": "mf04+xUV6HCeLROYHZeGSSSIbwXN2taLOcDpSKYO6BawqNOJoBSN9MaQ5vMNrlnH6BnXYPO8S4PuREftqXx5KA==",
        "dependencies": {
          "Microsoft.Extensions.Caching.Abstractions": "9.0.7",
          "Microsoft.Extensions.Identity.Core": "9.0.7",
          "Microsoft.Extensions.Logging": "9.0.7"
        }
      },
      "Microsoft.Extensions.Logging": {
        "type": "Transitive",
        "resolved": "9.0.7",
        "contentHash": "fdIeQpXYV8yxSWG03cCbU2Otdrq4NWuhnQLXokWLv3L9YcK055E7u8WFJvP+uuP4CFeCEoqZQL4yPcjuXhCZrg==",
        "dependencies": {
          "Microsoft.Extensions.DependencyInjection": "9.0.7",
          "Microsoft.Extensions.Logging.Abstractions": "9.0.7",
          "Microsoft.Extensions.Options": "9.0.7"
        }
      },
      "Microsoft.Extensions.Logging.Abstractions": {
        "type": "Transitive",
        "resolved": "9.0.7",
        "contentHash": "sMM6NEAdUTE/elJ2wqjOi0iBWqZmSyaTByLF9e8XHv6DRJFFnOe0N+s8Uc6C91E4SboQCfLswaBIZ+9ZXA98AA==",
        "dependencies": {
          "Microsoft.Extensions.DependencyInjection.Abstractions": "9.0.7"
        }
      },
      "Microsoft.Extensions.Logging.Configuration": {
        "type": "Transitive",
        "resolved": "8.0.0",
        "contentHash": "ixXXV0G/12g6MXK65TLngYN9V5hQQRuV+fZi882WIoVJT7h5JvoYoxTEwCgdqwLjSneqh1O+66gM8sMr9z/rsQ==",
        "dependencies": {
          "Microsoft.Extensions.Configuration": "8.0.0",
          "Microsoft.Extensions.Configuration.Abstractions": "8.0.0",
          "Microsoft.Extensions.Configuration.Binder": "8.0.0",
          "Microsoft.Extensions.DependencyInjection.Abstractions": "8.0.0",
          "Microsoft.Extensions.Logging": "8.0.0",
          "Microsoft.Extensions.Logging.Abstractions": "8.0.0",
          "Microsoft.Extensions.Options": "8.0.0",
          "Microsoft.Extensions.Options.ConfigurationExtensions": "8.0.0"
        }
      },
      "Microsoft.Extensions.Options": {
        "type": "Transitive",
        "resolved": "9.0.7",
        "contentHash": "trJnF6cRWgR5uMmHpGoHmM1wOVFdIYlELlkO9zX+RfieK0321Y55zrcs4AaEymKup7dxgEN/uJU25CAcMNQRXw==",
        "dependencies": {
          "Microsoft.Extensions.DependencyInjection.Abstractions": "9.0.7",
          "Microsoft.Extensions.Primitives": "9.0.7"
        }
      },
      "Microsoft.Extensions.Options.ConfigurationExtensions": {
        "type": "Transitive",
        "resolved": "8.0.0",
        "contentHash": "0f4DMRqEd50zQh+UyJc+/HiBsZ3vhAQALgdkcQEalSH1L2isdC7Yj54M3cyo5e+BeO5fcBQ7Dxly8XiBBcvRgw==",
        "dependencies": {
          "Microsoft.Extensions.Configuration.Abstractions": "8.0.0",
          "Microsoft.Extensions.Configuration.Binder": "8.0.0",
          "Microsoft.Extensions.DependencyInjection.Abstractions": "8.0.0",
          "Microsoft.Extensions.Options": "8.0.0",
          "Microsoft.Extensions.Primitives": "8.0.0"
        }
      },
      "Microsoft.Extensions.Primitives": {
        "type": "Transitive",
        "resolved": "9.0.7",
        "contentHash": "ti/zD9BuuO50IqlvhWQs9GHxkCmoph5BHjGiWKdg2t6Or8XoyAfRJiKag+uvd/fpASnNklfsB01WpZ4fhAe0VQ=="
      },
      "Microsoft.IdentityModel.Abstractions": {
        "type": "Transitive",
        "resolved": "8.12.0",
        "contentHash": "V7fHMFpfzvx7twWMV3jrf3OFVmYn3QhUYtvfMRD9yUPs9gxnQSaRMZh5NzCsnW3ZZ80J09EE7yyjM71y9JC6hQ=="
      },
      "Microsoft.IdentityModel.Logging": {
        "type": "Transitive",
        "resolved": "8.12.0",
        "contentHash": "IakwNWUTy5RlcDcKwtL5TyfDLZmA8FFnSDhfr+wfGGPMON9GkpkUY8NakIJjdy6mv6C1lM/Jkn3IuaeS9MXesA==",
        "dependencies": {
          "Microsoft.IdentityModel.Abstractions": "8.12.0"
        }
      },
      "Microsoft.IdentityModel.Tokens": {
        "type": "Transitive",
        "resolved": "8.12.0",
        "contentHash": "WCU3wv5sioX5hhp3oHw8sCdygnfZJtRKJGCg+AckP6nbp0QGKK3VohTrxIF0dpuziLAPg57CPfS9X8UERroKxA==",
        "dependencies": {
          "Microsoft.Extensions.Logging.Abstractions": "8.0.0",
          "Microsoft.IdentityModel.Logging": "8.12.0"
        }
      },
      "MySqlConnector": {
        "type": "Transitive",
        "resolved": "2.4.0",
        "contentHash": "78M+gVOjbdZEDIyXQqcA7EYlCGS3tpbUELHvn6638A2w0pkPI625ixnzsa5staAd3N9/xFmPJtkKDYwsXpFi/w==",
        "dependencies": {
          "Microsoft.Extensions.DependencyInjection.Abstractions": "8.0.2",
          "Microsoft.Extensions.Logging.Abstractions": "8.0.2"
        }
      },
      "MySqlConnector.Logging.Microsoft.Extensions.Logging": {
        "type": "Transitive",
        "resolved": "2.1.0",
        "contentHash": "NN/WD/UiqHSzvV/ckLBFWS1TFzeqKMad5my9cBoW/onEG7vxv8jloqe2+olAWjuS1guImO/m2bDrYuVkeffNkQ==",
        "dependencies": {
          "Microsoft.Extensions.Logging.Abstractions": "2.0.0",
          "MySqlConnector": "2.1.0"
        }
      },
      "OpenIddict.Abstractions": {
        "type": "Transitive",
        "resolved": "7.0.0",
        "contentHash": "8GIdJ0WJVjnsXG0A72F2QPcyTQjn4B5lLWTw+FZ701rhRn/EvxHF8yH8dwJ6Jnq5j2FcIqIIIbANJrCgXmX8lw==",
        "dependencies": {
          "Microsoft.Extensions.DependencyInjection.Abstractions": "9.0.6",
          "Microsoft.Extensions.Primitives": "9.0.6",
          "Microsoft.IdentityModel.Tokens": "8.12.0"
        }
      },
      "OpenIddict.Core": {
        "type": "Transitive",
        "resolved": "7.0.0",
        "contentHash": "rtYHSuXM7BlZ6B48TTHDQ6TgCpwNHFdrJPsvYT9aiOzV3CU8GFZl4YXJT9wrwj7nTSMOFOEnEAwynbVZxsiV4Q==",
        "dependencies": {
          "Microsoft.Extensions.Caching.Memory": "9.0.6",
          "Microsoft.Extensions.Logging": "9.0.6",
          "Microsoft.Extensions.Options": "9.0.6",
          "OpenIddict.Abstractions": "7.0.0"
        }
      },
      "OpenIddict.EntityFrameworkCore": {
        "type": "Transitive",
        "resolved": "7.0.0",
        "contentHash": "mut7whbVHMHqeeW0Fb+AyWQ4rclnSR2B4lwpwXCcpA2PIALSVKtU5BtCbWgv+P8sbaTmMEvONwmPAjNbPU1Xlg==",
        "dependencies": {
          "Microsoft.EntityFrameworkCore.Relational": "9.0.6",
          "OpenIddict.Core": "7.0.0",
          "OpenIddict.EntityFrameworkCore.Models": "7.0.0"
        }
      },
      "OpenIddict.EntityFrameworkCore.Models": {
        "type": "Transitive",
        "resolved": "7.0.0",
        "contentHash": "HGAux2nT6jzgC8l7RxXiHDj3+9WqDm7K9vnWMWe8DFNB4VuuoBJFqwR3+MZbm9r1svDl6QS74+ux3R41IA8pHQ=="
      },
      "OpenTelemetry": {
        "type": "Transitive",
        "resolved": "1.9.0",
        "contentHash": "7scS6BUhwYeSXEDGhCxMSezmvyCoDU5kFQbmfyW9iVvVTcWhec+1KIN33/LOCdBXRkzt2y7+g03mkdAB0XZ9Fw==",
        "dependencies": {
          "Microsoft.Extensions.Diagnostics.Abstractions": "8.0.0",
          "Microsoft.Extensions.Logging.Configuration": "8.0.0",
          "OpenTelemetry.Api.ProviderBuilderExtensions": "1.9.0"
        }
      },
      "OpenTelemetry.Api": {
        "type": "Transitive",
        "resolved": "1.9.0",
        "contentHash": "Xz8ZvM1Lm0m7BbtGBnw2JlPo++YKyMp08zMK5p0mf+cIi5jeMt2+QsYu9X6YEAbjCxBQYwEak5Z8sY6Ig2WcwQ==",
        "dependencies": {
          "System.Diagnostics.DiagnosticSource": "8.0.0"
        }
      },
      "OpenTelemetry.Api.ProviderBuilderExtensions": {
        "type": "Transitive",
        "resolved": "1.9.0",
        "contentHash": "L0D4LBR5JFmwLun5MCWVGapsJLV0ANZ+XXu9NEI3JE/HRKkRuUO+J2MuHD5DBwiU//QMYYM4B22oev1hVLoHDQ==",
        "dependencies": {
          "Microsoft.Extensions.DependencyInjection.Abstractions": "8.0.0",
          "OpenTelemetry.Api": "1.9.0"
        }
      },
      "OpenTelemetry.Extensions.Hosting": {
        "type": "Transitive",
        "resolved": "1.9.0",
        "contentHash": "QBQPrKDVCXxTBE+r8tgjmFNKKHi4sKyczmip2XGUcjy8kk3quUNhttnjiMqC4sU50Hemmn4i5752Co26pnKe3A==",
        "dependencies": {
          "Microsoft.Extensions.Hosting.Abstractions": "8.0.0",
          "OpenTelemetry": "1.9.0"
        }
      },
      "Polly.Core": {
        "type": "Transitive",
        "resolved": "8.5.2",
        "contentHash": "1MJKdxv4zwDmiWvYvVN24DsrWUfgQ4F83voH8bhbtLMdPuGy8CfTUzsgQhvyrl1a7hrM6f/ydwLVdVUI0xooUw=="
      },
      "Polly.Extensions": {
        "type": "Transitive",
        "resolved": "8.5.2",
        "contentHash": "NcUEkeMB7LMsLBXzY9PuuKP7ylXngUEuhmaWxCrlXqYLbVQQzG1ulAnaEQ2LM1zlSoxRftAjCuhPIH40qeWAlg==",
        "dependencies": {
          "Microsoft.Extensions.Logging.Abstractions": "8.0.0",
          "Microsoft.Extensions.Options": "8.0.0",
          "Polly.Core": "8.5.2"
        }
      },
      "Pomelo.EntityFrameworkCore.MySql": {
        "type": "Transitive",
        "resolved": "9.0.0-preview.4.efcore.9.0.0.ci.20250318031649",
        "contentHash": "h7qZkQ0EcAMojGBQl/MbDANyh0v55Mkml8VqRYf/lWTanibZwP+f7QyYlaHpRr0O1bbSRgyknD3LiST9IKX0aA==",
        "dependencies": {
          "Microsoft.EntityFrameworkCore.Relational": "[9.0.0, 9.0.999]",
          "MySqlConnector": "2.4.0"
        }
      },
      "RabbitMQ.Client": {
        "type": "Transitive",
        "resolved": "7.1.2",
        "contentHash": "y3c6ulgULScWthHw5PLM1ShHRLhxg0vCtzX/hh61gRgNecL3ZC3WoBW2HYHoXOVRqTl99Br9E7CZEytGZEsCyQ==",
        "dependencies": {
          "System.IO.Pipelines": "8.0.0",
          "System.Threading.RateLimiting": "8.0.0"
        }
      },
      "System.Diagnostics.DiagnosticSource": {
        "type": "Transitive",
        "resolved": "8.0.0",
        "contentHash": "c9xLpVz6PL9lp/djOWtk5KPDZq3cSYpmXoJQY524EOtuFl5z9ZtsotpsyrDW40U1DRnQSYvcPKEUV0X//u6gkQ=="
      },
      "System.Diagnostics.EventLog": {
        "type": "Transitive",
        "resolved": "6.0.0",
        "contentHash": "lcyUiXTsETK2ALsZrX+nWuHSIQeazhqPphLfaRxzdGaG93+0kELqpgEHtwWOlQe7+jSFnKwaCAgL4kjeZCQJnw=="
      },
      "System.IO.Pipelines": {
        "type": "Transitive",
        "resolved": "8.0.0",
        "contentHash": "FHNOatmUq0sqJOkTx+UF/9YK1f180cnW5FVqnQMvYUN0elp6wFzbtPSiqbo1/ru8ICp43JM1i7kKkk6GsNGHlA=="
      },
      "System.Threading.RateLimiting": {
        "type": "Transitive",
        "resolved": "8.0.0",
        "contentHash": "7mu9v0QDv66ar3DpGSZHg9NuNcxDaaAcnMULuZlaTpP9+hwXhrxNGsF5GmLkSHxFdb5bBc1TzeujsRgTrPWi+Q=="
      },
      "hagalaz.cache.abstractions": {
        "type": "Project"
      },
      "hagalaz.collections": {
        "type": "Project",
        "dependencies": {
          "Hagalaz.Collections.Extensions": "[1.0.0, )",
          "JetBrains.Annotations": "[2024.3.0, )"
        }
      },
      "hagalaz.collections.extensions": {
        "type": "Project"
      },
      "hagalaz.data": {
        "type": "Project",
        "dependencies": {
          "Aspire.Pomelo.EntityFrameworkCore.MySql": "[9.3.1, )",
          "Hagalaz.Security": "[1.0.0, )",
          "Microsoft.AspNetCore.Identity.EntityFrameworkCore": "[9.0.7, )",
          "Microsoft.EntityFrameworkCore": "[9.0.7, )",
          "Microsoft.EntityFrameworkCore.Proxies": "[9.0.7, )",
          "Microsoft.EntityFrameworkCore.Relational": "[9.0.7, )",
          "MySqlConnector": "[2.4.0, )",
          "OpenIddict.EntityFrameworkCore": "[7.0.0, )",
          "Pomelo.EntityFrameworkCore.MySql": "[9.0.0-preview.4.efcore.9.0.0.ci.20250318031649, )"
        }
      },
      "hagalaz.data.extensions": {
        "type": "Project",
        "dependencies": {
          "Aspire.Pomelo.EntityFrameworkCore.MySql": "[9.3.1, )",
          "Hagalaz.Data": "[1.0.0, )"
        }
      },
      "hagalaz.game.abstractions": {
        "type": "Project",
        "dependencies": {
          "Hagalaz.Cache.Abstractions": "[1.0.0, )",
          "Hagalaz.Utilities": "[1.0.0, )",
          "Microsoft.Extensions.DependencyInjection": "[9.0.7, )",
          "Raido.Common": "[1.0.0, )"
        }
      },
      "hagalaz.game.messages": {
        "type": "Project",
        "dependencies": {
          "Hagalaz.Game.Abstractions": "[1.0.0, )",
          "Raido.Common": "[1.0.0, )"
        }
      },
      "hagalaz.hosting.extensions": {
        "type": "Project",
        "dependencies": {
          "Microsoft.Extensions.Hosting.Abstractions": "[9.0.7, )"
        }
      },
      "hagalaz.security": {
        "type": "Project"
      },
      "hagalaz.services.abstractions": {
        "type": "Project"
      },
      "hagalaz.services.common": {
        "type": "Project",
        "dependencies": {
          "Hagalaz.Services.Abstractions": "[1.0.0, )",
          "Microsoft.AspNetCore.Authorization": "[9.0.7, )",
          "Microsoft.AspNetCore.Diagnostics.EntityFrameworkCore": "[9.0.7, )",
          "Microsoft.EntityFrameworkCore": "[9.0.7, )",
          "Microsoft.Extensions.Configuration": "[9.0.7, )"
        }
      },
      "hagalaz.services.extensions": {
        "type": "Project",
        "dependencies": {
          "Hagalaz.Services.Abstractions": "[1.0.0, )",
          "Hagalaz.Services.Common": "[1.0.0, )",
          "Microsoft.Extensions.Hosting.Abstractions": "[9.0.7, )",
          "Microsoft.Extensions.Logging.Abstractions": "[9.0.7, )"
        }
      },
      "hagalaz.utilities": {
        "type": "Project"
      },
      "raido.common": {
        "type": "Project"
      }
    }
  }
}