{
  "version": 1,
  "dependencies": {
    "net10.0": {
      "Aspire.Pomelo.EntityFrameworkCore.MySql": {
        "type": "Direct",
        "requested": "[13.0.1, )",
        "resolved": "13.0.1",
        "contentHash": "gj39PTzp2CwK6DIDsiHAr2hjmR+d/5gJh7EJQotI3DFUqURoJ+0sqXpwMPRikg0bGeTLKkUKun6KJe0nkV+zOg==",
        "dependencies": {
          "Microsoft.Extensions.Diagnostics.HealthChecks.EntityFrameworkCore": "8.0.22",
          "MySqlConnector.Logging.Microsoft.Extensions.Logging": "2.1.0",
          "OpenTelemetry.Extensions.Hosting": "1.9.0",
          "Polly.Core": "8.6.4",
          "Polly.Extensions": "8.6.4",
          "Pomelo.EntityFrameworkCore.MySql": "8.0.3"
        }
      },
      "Microsoft.AspNetCore.Identity.EntityFrameworkCore": {
        "type": "Direct",
        "requested": "[10.0.0, )",
        "resolved": "10.0.0",
        "contentHash": "mH1+58nbX5RWSd8hajSnXSdpQ1MN3oca488Zd+DvKX2nPTAyTVNRzubMV06BmPcjOZ9waLr/AjwcNiCQ8bCscQ==",
        "dependencies": {
          "Microsoft.EntityFrameworkCore.Relational": "10.0.0"
        }
      },
      "Microsoft.EntityFrameworkCore": {
        "type": "Direct",
        "requested": "[10.0.0, )",
        "resolved": "10.0.0",
        "contentHash": "hHa2amRjMyBLUH/KTML6FgIAhZ0VFYkhCKwWEax0rO6iNeM1P5MflyeQLE5dniSIOZHc3Oqyv5UIyTFO4e1Auw==",
        "dependencies": {
          "Microsoft.EntityFrameworkCore.Abstractions": "10.0.0",
          "Microsoft.EntityFrameworkCore.Analyzers": "10.0.0"
        }
      },
      "Microsoft.EntityFrameworkCore.Design": {
        "type": "Direct",
        "requested": "[10.0.0, )",
        "resolved": "10.0.0",
        "contentHash": "R7BeFniEpBrHw8kKVtWiMG4PRAwJ4K1RZoQWB32Ak8ws3uvYH98DVp9Y2UBUgbwY5lR9wPlrxp7P3GGDQ7LUSQ==",
        "dependencies": {
          "Humanizer.Core": "2.14.1",
          "Microsoft.Build.Framework": "17.14.28",
          "Microsoft.Build.Tasks.Core": "17.14.28",
          "Microsoft.Build.Utilities.Core": "17.14.28",
          "Microsoft.CodeAnalysis.CSharp": "4.14.0",
          "Microsoft.CodeAnalysis.CSharp.Workspaces": "4.14.0",
          "Microsoft.CodeAnalysis.Workspaces.MSBuild": "4.14.0",
          "Microsoft.EntityFrameworkCore.Relational": "10.0.0",
          "Microsoft.Extensions.DependencyModel": "10.0.0",
          "Mono.TextTemplating": "3.0.0",
          "Newtonsoft.Json": "13.0.3"
        }
      },
      "Microsoft.EntityFrameworkCore.Proxies": {
        "type": "Direct",
        "requested": "[10.0.0, )",
        "resolved": "10.0.0",
        "contentHash": "zskhc/SHCORogkdZZpPupe189/mj52PxzU21/MyOxTHD+7cwv0KD5B54szd9WdT0fapz5NULJ+PzvNiDn3AqCg==",
        "dependencies": {
          "Castle.Core": "5.2.1",
          "Microsoft.EntityFrameworkCore": "10.0.0"
        }
      },
      "Microsoft.EntityFrameworkCore.Relational": {
        "type": "Direct",
        "requested": "[10.0.0, )",
        "resolved": "10.0.0",
        "contentHash": "A3MX1ee7RDxWCUdx/KqP+74fbksz0UIhkVZh56YHvbPkEKsffCXgHU3LGkRDwqR/MrBNWLCWC/IVX79tzM30ZA==",
        "dependencies": {
          "Microsoft.EntityFrameworkCore": "10.0.0"
        }
      },
      "Microsoft.EntityFrameworkCore.Tools": {
        "type": "Direct",
        "requested": "[10.0.0, )",
        "resolved": "10.0.0",
        "contentHash": "Gx6AWCf1CsBHTbvVVWBYBKp6hrwZt0IgBigoBPaybwOBG2EFIfZc7NP2BoR6r56YuuikbPIzCuvQuFYNnX43+A==",
        "dependencies": {
          "Microsoft.EntityFrameworkCore.Design": "10.0.0"
        }
      },
      "MySqlConnector": {
        "type": "Direct",
        "requested": "[2.5.0, )",
        "resolved": "2.5.0",
        "contentHash": "hoAwfHHF8DlRRqwHOhN3u1KLi+XbX/4LPS7Anfa+SYC97vRyIfdEOEEfj1L50q01Ik8aDNvmDrNmu/VPFiAiaQ=="
      },
      "OpenIddict.EntityFrameworkCore": {
        "type": "Direct",
        "requested": "[7.2.0, )",
        "resolved": "7.2.0",
        "contentHash": "dvahXEFDIYRPH3xy5ZqHklyLQNca4NG6YRPx8f1FWHs+mGCJ1FtM8gqJw3KzUkiRTtKUYzlM8NEcD3BqslEP7g==",
        "dependencies": {
          "Microsoft.EntityFrameworkCore.Relational": "10.0.0",
          "OpenIddict.Core": "7.2.0",
          "OpenIddict.EntityFrameworkCore.Models": "7.2.0"
        }
      },
      "Pomelo.EntityFrameworkCore.MySql": {
        "type": "Direct",
        "requested": "[9.0.0, )",
        "resolved": "9.0.0",
        "contentHash": "cl7S4s6CbJno0LjNxrBHNc2xxmCliR5i40ATPZk/eTywVaAbHCbdc9vbGc3QThvwGjHqrDHT8vY9m1VF/47o0g==",
        "dependencies": {
          "Microsoft.EntityFrameworkCore.Relational": "[9.0.0, 9.0.999]",
          "MySqlConnector": "2.4.0"
        }
      },
      "Castle.Core": {
        "type": "Transitive",
        "resolved": "5.2.1",
        "contentHash": "wHARzQA695jwwKreOzNsq54KiGqKP38tv8hi8e2FXDEC/sA6BtrX90tVPDkOfVu13PbEzr00TCV8coikl+D1Iw=="
      },
      "Humanizer.Core": {
        "type": "Transitive",
        "resolved": "2.14.1",
        "contentHash": "lQKvtaTDOXnoVJ20ibTuSIOf2i0uO0MPbDhd1jm238I+U/2ZnRENj0cktKZhtchBMtCUSRQ5v4xBCUbKNmyVMw=="
      },
      "Microsoft.Build": {
        "type": "Transitive",
        "resolved": "17.7.2",
        "contentHash": "AmWnumxsMiRycFfE3kq/XnFFTAoPpCWl3UuiKQWCa5Z0+hBKVoiydzS2iXJGd3x+jry+qaTR9GzoezjV9NFT5A==",
        "dependencies": {
          "Microsoft.Build.Framework": "17.7.2",
          "Microsoft.NET.StringTools": "17.7.2",
          "System.Configuration.ConfigurationManager": "7.0.0",
          "System.Reflection.MetadataLoadContext": "7.0.0",
          "System.Security.Permissions": "7.0.0"
        }
      },
      "Microsoft.Build.Framework": {
        "type": "Transitive",
        "resolved": "17.14.28",
        "contentHash": "wRcyTzGV0LRAtFdrddtioh59Ky4/zbvyraP0cQkDzRSRkhgAQb0K88D/JNC6VHLIXanRi3mtV1jU0uQkBwmiVg=="
      },
      "Microsoft.Build.Tasks.Core": {
        "type": "Transitive",
        "resolved": "17.14.28",
        "contentHash": "jk3O0tXp9QWPXhLJ7Pl8wm/eGtGgA1++vwHGWEmnwMU6eP//ghtcCUpQh9CQMwEKGDnH0aJf285V1s8yiSlKfQ==",
        "dependencies": {
          "Microsoft.Build.Framework": "17.14.28",
          "Microsoft.Build.Utilities.Core": "17.14.28",
          "Microsoft.NET.StringTools": "17.14.28",
          "System.CodeDom": "9.0.0",
          "System.Configuration.ConfigurationManager": "9.0.0",
          "System.Formats.Nrbf": "9.0.0",
          "System.Resources.Extensions": "9.0.0",
          "System.Security.Cryptography.Pkcs": "9.0.0",
          "System.Security.Cryptography.ProtectedData": "9.0.0"
        }
      },
      "Microsoft.Build.Utilities.Core": {
        "type": "Transitive",
        "resolved": "17.14.28",
        "contentHash": "rhSdPo8QfLXXWM+rY0x0z1G4KK4ZhMoIbHROyDj8MUBFab9nvHR0NaMnjzOgXldhmD2zi2ir8d6xCatNzlhF5g==",
        "dependencies": {
          "Microsoft.Build.Framework": "17.14.28",
          "Microsoft.NET.StringTools": "17.14.28",
          "System.Configuration.ConfigurationManager": "9.0.0",
          "System.Security.Cryptography.ProtectedData": "9.0.0"
        }
      },
      "Microsoft.CodeAnalysis.Analyzers": {
        "type": "Transitive",
        "resolved": "3.11.0",
        "contentHash": "v/EW3UE8/lbEYHoC2Qq7AR/DnmvpgdtAMndfQNmpuIMx/Mto8L5JnuCfdBYtgvalQOtfNCnxFejxuRrryvUTsg=="
      },
      "Microsoft.CodeAnalysis.Common": {
        "type": "Transitive",
        "resolved": "4.14.0",
        "contentHash": "PC3tuwZYnC+idaPuoC/AZpEdwrtX7qFpmnrfQkgobGIWiYmGi5MCRtl5mx6QrfMGQpK78X2lfIEoZDLg/qnuHg==",
        "dependencies": {
          "Microsoft.CodeAnalysis.Analyzers": "3.11.0"
        }
      },
      "Microsoft.CodeAnalysis.CSharp": {
        "type": "Transitive",
        "resolved": "4.14.0",
        "contentHash": "568a6wcTivauIhbeWcCwfWwIn7UV7MeHEBvFB2uzGIpM2OhJ4eM/FZ8KS0yhPoNxnSpjGzz7x7CIjTxhslojQA==",
        "dependencies": {
          "Microsoft.CodeAnalysis.Analyzers": "3.11.0",
          "Microsoft.CodeAnalysis.Common": "[4.14.0]"
        }
      },
      "Microsoft.CodeAnalysis.CSharp.Workspaces": {
        "type": "Transitive",
        "resolved": "4.14.0",
        "contentHash": "QkgCEM4qJo6gdtblXtNgHqtykS61fxW+820hx5JN6n9DD4mQtqNB+6fPeJ3GQWg6jkkGz6oG9yZq7H3Gf0zwYw==",
        "dependencies": {
          "Humanizer.Core": "2.14.1",
          "Microsoft.CodeAnalysis.Analyzers": "3.11.0",
          "Microsoft.CodeAnalysis.CSharp": "[4.14.0]",
          "Microsoft.CodeAnalysis.Common": "[4.14.0]",
          "Microsoft.CodeAnalysis.Workspaces.Common": "[4.14.0]",
          "System.Composition": "9.0.0"
        }
      },
      "Microsoft.CodeAnalysis.Workspaces.Common": {
        "type": "Transitive",
        "resolved": "4.14.0",
        "contentHash": "wNVK9JrqjqDC/WgBUFV6henDfrW87NPfo98nzah/+M/G1D6sBOPtXwqce3UQNn+6AjTnmkHYN1WV9XmTlPemTw==",
        "dependencies": {
          "Humanizer.Core": "2.14.1",
          "Microsoft.CodeAnalysis.Analyzers": "3.11.0",
          "Microsoft.CodeAnalysis.Common": "[4.14.0]",
          "System.Composition": "9.0.0"
        }
      },
      "Microsoft.CodeAnalysis.Workspaces.MSBuild": {
        "type": "Transitive",
        "resolved": "4.14.0",
        "contentHash": "YU7Sguzm1Cuhi2U6S0DRKcVpqAdBd2QmatpyE0KqYMJogJ9E27KHOWGUzAOjsyjAM7sNaUk+a8VPz24knDseFw==",
        "dependencies": {
          "Humanizer.Core": "2.14.1",
          "Microsoft.Build": "17.7.2",
          "Microsoft.Build.Framework": "17.7.2",
          "Microsoft.Build.Tasks.Core": "17.7.2",
          "Microsoft.Build.Utilities.Core": "17.7.2",
          "Microsoft.CodeAnalysis.Analyzers": "3.11.0",
          "Microsoft.CodeAnalysis.Workspaces.Common": "[4.14.0]",
          "Newtonsoft.Json": "13.0.3",
          "System.CodeDom": "7.0.0",
          "System.Composition": "9.0.0",
          "System.Configuration.ConfigurationManager": "9.0.0",
          "System.Resources.Extensions": "9.0.0",
          "System.Security.Cryptography.Pkcs": "7.0.2",
          "System.Security.Cryptography.ProtectedData": "9.0.0",
          "System.Security.Permissions": "9.0.0",
          "System.Windows.Extensions": "9.0.0"
        }
      },
      "Microsoft.EntityFrameworkCore.Abstractions": {
        "type": "Transitive",
        "resolved": "10.0.0",
        "contentHash": "C+TT9k7f1GQ8agOfV512K9iwrzi76RXVSDiLx+iWC9pz3QhEpSF1Dyk+FpVvd8ULQ+rqymfM8KQ7g48ttQVyMg=="
      },
      "Microsoft.EntityFrameworkCore.Analyzers": {
        "type": "Transitive",
        "resolved": "10.0.0",
        "contentHash": "TxHQq0kn0tpYs2ljeRl8jtmWk720B0nteqI6mAZM77HWJpYT9Zj8SkkBBlj8K3Yeq18a6NBjz6YutE+shEk4Ag=="
      },
      "Microsoft.Extensions.DependencyModel": {
        "type": "Transitive",
        "resolved": "10.0.0",
        "contentHash": "RFYJR7APio/BiqdQunRq6DB+nDB6nc2qhHr77mlvZ0q0BT8PubMXN7XicmfzCbrDE/dzhBnUKBRXLTcqUiZDGg=="
      },
      "Microsoft.Extensions.Diagnostics.HealthChecks.EntityFrameworkCore": {
        "type": "Transitive",
        "resolved": "8.0.22",
        "contentHash": "LAgU3srFCK5teSjTGfhVSV7SKaqb9pyR5U8h/W2NLXa5DZCZJ9DJShKaQ00zTlx5nro7h1YRslXFroj+vOWlkw==",
        "dependencies": {
          "Microsoft.EntityFrameworkCore.Relational": "8.0.22"
        }
      },
      "Microsoft.IdentityModel.Abstractions": {
        "type": "Transitive",
        "resolved": "8.14.0",
        "contentHash": "iwbCpSjD3ehfTwBhtSNEtKPK0ICun6ov7Ibx6ISNA9bfwIyzI2Siwyi9eJFCJBwxowK9xcA1mj+jBWiigeqgcQ=="
      },
      "Microsoft.IdentityModel.Logging": {
        "type": "Transitive",
        "resolved": "8.14.0",
        "contentHash": "eqqnemdW38CKZEHS6diA50BV94QICozDZEvSrsvN3SJXUFwVB9gy+/oz76gldP7nZliA16IglXjXTCTdmU/Ejg==",
        "dependencies": {
          "Microsoft.IdentityModel.Abstractions": "8.14.0"
        }
      },
      "Microsoft.IdentityModel.Tokens": {
        "type": "Transitive",
        "resolved": "8.14.0",
        "contentHash": "lKIZiBiGd36k02TCdMHp1KlNWisyIvQxcYJvIkz7P4gSQ9zi8dgh6S5Grj8NNG7HWYIPfQymGyoZ6JB5d1Lo1g==",
        "dependencies": {
          "Microsoft.IdentityModel.Logging": "8.14.0"
        }
      },
      "Microsoft.NET.StringTools": {
        "type": "Transitive",
        "resolved": "17.14.28",
        "contentHash": "DMIeWDlxe0Wz0DIhJZ2FMoGQAN2yrGZOi5jjFhRYHWR5ONd0CS6IpAHlRnA7uA/5BF+BADvgsETxW2XrPiFc1A=="
      },
      "Mono.TextTemplating": {
        "type": "Transitive",
        "resolved": "3.0.0",
        "contentHash": "YqueG52R/Xej4VVbKuRIodjiAhV0HR/XVbLbNrJhCZnzjnSjgMJ/dCdV0akQQxavX6hp/LC6rqLGLcXeQYU7XA==",
        "dependencies": {
          "System.CodeDom": "6.0.0"
        }
      },
      "MySqlConnector.Logging.Microsoft.Extensions.Logging": {
        "type": "Transitive",
        "resolved": "2.1.0",
        "contentHash": "NN/WD/UiqHSzvV/ckLBFWS1TFzeqKMad5my9cBoW/onEG7vxv8jloqe2+olAWjuS1guImO/m2bDrYuVkeffNkQ==",
        "dependencies": {
          "MySqlConnector": "2.1.0"
        }
      },
      "Newtonsoft.Json": {
        "type": "Transitive",
        "resolved": "13.0.3",
        "contentHash": "HrC5BXdl00IP9zeV+0Z848QWPAoCr9P3bDEZguI+gkLcBKAOxix/tLEAAHC+UvDNPv4a2d18lOReHMOagPa+zQ=="
      },
      "OpenIddict.Abstractions": {
        "type": "Transitive",
        "resolved": "7.2.0",
        "contentHash": "E0HB2Eps8shrRx7n3/QkwusiCPcnzcMi2JF16GZqff9Jx2PS3t3VyiOaW54cxPDIESNH3/VcguT+VrQPQrnRtQ==",
        "dependencies": {
          "Microsoft.IdentityModel.Tokens": "8.14.0"
        }
      },
      "OpenIddict.Core": {
        "type": "Transitive",
        "resolved": "7.2.0",
        "contentHash": "6TI7+8CRT5MXjK+Qp+8kOdiaKJ724/nmbpuEYSxg1CZsbKmR7doGeP/6KZkh2l0xeonFshSRQr0D0ZeoFFb0SA==",
        "dependencies": {
          "OpenIddict.Abstractions": "7.2.0"
        }
      },
      "OpenIddict.EntityFrameworkCore.Models": {
        "type": "Transitive",
        "resolved": "7.2.0",
        "contentHash": "zZ/0T2fIHV2Yr0YjOj7VKDDUQ0NTlSNTkoSoBEph1Pb26wPolf/fsdCEbdxxXKvuBAmnwMiO5ivIe1Y8Cz8SPw=="
      },
      "OpenTelemetry": {
        "type": "Transitive",
        "resolved": "1.9.0",
        "contentHash": "7scS6BUhwYeSXEDGhCxMSezmvyCoDU5kFQbmfyW9iVvVTcWhec+1KIN33/LOCdBXRkzt2y7+g03mkdAB0XZ9Fw==",
        "dependencies": {
          "OpenTelemetry.Api.ProviderBuilderExtensions": "1.9.0"
        }
      },
      "OpenTelemetry.Api": {
        "type": "Transitive",
        "resolved": "1.9.0",
        "contentHash": "Xz8ZvM1Lm0m7BbtGBnw2JlPo++YKyMp08zMK5p0mf+cIi5jeMt2+QsYu9X6YEAbjCxBQYwEak5Z8sY6Ig2WcwQ=="
      },
      "OpenTelemetry.Api.ProviderBuilderExtensions": {
        "type": "Transitive",
        "resolved": "1.9.0",
        "contentHash": "L0D4LBR5JFmwLun5MCWVGapsJLV0ANZ+XXu9NEI3JE/HRKkRuUO+J2MuHD5DBwiU//QMYYM4B22oev1hVLoHDQ==",
        "dependencies": {
          "OpenTelemetry.Api": "1.9.0"
        }
      },
      "OpenTelemetry.Extensions.Hosting": {
        "type": "Transitive",
        "resolved": "1.9.0",
        "contentHash": "QBQPrKDVCXxTBE+r8tgjmFNKKHi4sKyczmip2XGUcjy8kk3quUNhttnjiMqC4sU50Hemmn4i5752Co26pnKe3A==",
        "dependencies": {
          "OpenTelemetry": "1.9.0"
        }
      },
      "Polly.Core": {
        "type": "Transitive",
        "resolved": "8.6.4",
        "contentHash": "4AWqYnQ2TME0E+Mzovt1Uu+VyvpR84ymUldMcPw7Mbj799Phaag14CKrMtlJGx5jsvYP+S3oR1QmysgmXoD5cw=="
      },
      "Polly.Extensions": {
        "type": "Transitive",
        "resolved": "8.6.4",
        "contentHash": "mosKFAGlCD/VfJBWKamWrLYHr1D0o8XrUKZ4I0AUxvUHsY+Nq1y5g75sa5JB7dIyOC+Vdf0xXxYSuLU+uljfjw==",
        "dependencies": {
          "Polly.Core": "8.6.4"
        }
      },
      "System.CodeDom": {
        "type": "Transitive",
        "resolved": "9.0.0",
        "contentHash": "oTE5IfuMoET8yaZP/vdvy9xO47guAv/rOhe4DODuFBN3ySprcQOlXqO3j+e/H/YpKKR5sglrxRaZ2HYOhNJrqA=="
      },
      "System.Composition": {
        "type": "Transitive",
        "resolved": "9.0.0",
        "contentHash": "3Djj70fFTraOarSKmRnmRy/zm4YurICm+kiCtI0dYRqGJnLX6nJ+G3WYuFJ173cAPax/gh96REcbNiVqcrypFQ==",
        "dependencies": {
          "System.Composition.AttributedModel": "9.0.0",
          "System.Composition.Convention": "9.0.0",
          "System.Composition.Hosting": "9.0.0",
          "System.Composition.Runtime": "9.0.0",
          "System.Composition.TypedParts": "9.0.0"
        }
      },
      "System.Composition.AttributedModel": {
        "type": "Transitive",
        "resolved": "9.0.0",
        "contentHash": "iri00l/zIX9g4lHMY+Nz0qV1n40+jFYAmgsaiNn16xvt2RDwlqByNG4wgblagnDYxm3YSQQ0jLlC/7Xlk9CzyA=="
      },
      "System.Composition.Convention": {
        "type": "Transitive",
        "resolved": "9.0.0",
        "contentHash": "+vuqVP6xpi582XIjJi6OCsIxuoTZfR0M7WWufk3uGDeCl3wGW6KnpylUJ3iiXdPByPE0vR5TjJgR6hDLez4FQg==",
        "dependencies": {
          "System.Composition.AttributedModel": "9.0.0"
        }
      },
      "System.Composition.Hosting": {
        "type": "Transitive",
        "resolved": "9.0.0",
        "contentHash": "OFqSeFeJYr7kHxDfaViGM1ymk7d4JxK//VSoNF9Ux0gpqkLsauDZpu89kTHHNdCWfSljbFcvAafGyBoY094btQ==",
        "dependencies": {
          "System.Composition.Runtime": "9.0.0"
        }
      },
      "System.Composition.Runtime": {
        "type": "Transitive",
        "resolved": "9.0.0",
        "contentHash": "w1HOlQY1zsOWYussjFGZCEYF2UZXgvoYnS94NIu2CBnAGMbXFAX8PY8c92KwUItPmowal68jnVLBCzdrWLeEKA=="
      },
      "System.Composition.TypedParts": {
        "type": "Transitive",
        "resolved": "9.0.0",
        "contentHash": "aRZlojCCGEHDKqh43jaDgaVpYETsgd7Nx4g1zwLKMtv4iTo0627715ajEFNpEEBTgLmvZuv8K0EVxc3sM4NWJA==",
        "dependencies": {
          "System.Composition.AttributedModel": "9.0.0",
          "System.Composition.Hosting": "9.0.0",
          "System.Composition.Runtime": "9.0.0"
        }
      },
      "System.Configuration.ConfigurationManager": {
        "type": "Transitive",
        "resolved": "9.0.0",
        "contentHash": "PdkuMrwDhXoKFo/JxISIi9E8L+QGn9Iquj2OKDWHB6Y/HnUOuBouF7uS3R4Hw3FoNmwwMo6hWgazQdyHIIs27A==",
        "dependencies": {
          "System.Security.Cryptography.ProtectedData": "9.0.0"
        }
      },
      "System.Formats.Nrbf": {
        "type": "Transitive",
        "resolved": "9.0.0",
        "contentHash": "F/6tNE+ckmdFeSQAyQo26bQOqfPFKEfZcuqnp4kBE6/7jP26diP+QTHCJJ6vpEfaY6bLy+hBLiIQUSxSmNwLkA=="
      },
      "System.Reflection.MetadataLoadContext": {
        "type": "Transitive",
        "resolved": "7.0.0",
        "contentHash": "z9PvtMJra5hK8n+g0wmPtaG7HQRZpTmIPRw5Z0LEemlcdQMHuTD5D7OAY/fZuuz1L9db++QOcDF0gJTLpbMtZQ=="
      },
      "System.Resources.Extensions": {
        "type": "Transitive",
        "resolved": "9.0.0",
        "contentHash": "tvhuT1D2OwPROdL1kRWtaTJliQo0WdyhvwDpd8RM997G7m3Hya5nhbYhNTS75x6Vu+ypSOgL5qxDCn8IROtCxw==",
        "dependencies": {
          "System.Formats.Nrbf": "9.0.0"
        }
      },
      "System.Security.Cryptography.Pkcs": {
        "type": "Transitive",
        "resolved": "9.0.0",
        "contentHash": "8tluJF8w9si+2yoHeL8rgVJS6lKvWomTDC8px65Z8MCzzdME5eaPtEQf4OfVGrAxB5fW93ncucy1+221O9EQaw=="
      },
      "System.Security.Cryptography.ProtectedData": {
        "type": "Transitive",
        "resolved": "9.0.0",
        "contentHash": "CJW+x/F6fmRQ7N6K8paasTw9PDZp4t7G76UjGNlSDgoHPF0h08vTzLYbLZpOLEJSg35d5wy2jCXGo84EN05DpQ=="
      },
      "System.Security.Permissions": {
        "type": "Transitive",
        "resolved": "9.0.0",
        "contentHash": "H2VFD4SFVxieywNxn9/epb63/IOcPPfA0WOtfkljzNfu7GCcHIBQNuwP6zGCEIi7Ci/oj8aLPUNK9sYImMFf4Q==",
        "dependencies": {
          "System.Windows.Extensions": "9.0.0"
        }
      },
      "System.Windows.Extensions": {
        "type": "Transitive",
        "resolved": "9.0.0",
        "contentHash": "U9msthvnH2Fsw7xwAvIhNHOdnIjOQTwOc8Vd0oGOsiRcGMGoBFlUD6qtYawRUoQdKH9ysxesZ9juFElt1Jw/7A=="
      },
      "hagalaz.security": {
        "type": "Project"
      }
    }
  }
}