{
  "version": 1,
  "dependencies": {
    "net10.0": {
      "AutoMapper": {
        "type": "Direct",
        "requested": "[15.1.0, )",
        "resolved": "15.1.0",
        "contentHash": "uJXRC0ysO+i3fuW1onh0cUmaLbEwfMWwAZ5nw2eKhYccHwDgRhSC4Qj3rNdBy4vdhnC3r4NinhhldANKNWpH1Q==",
        "dependencies": {
          "Microsoft.Extensions.Logging.Abstractions": "8.0.0",
          "Microsoft.Extensions.Options": "8.0.0",
          "Microsoft.IdentityModel.JsonWebTokens": "8.14.0"
        }
      },
      "MassTransit": {
        "type": "Direct",
        "requested": "[8.5.7, )",
        "resolved": "8.5.7",
        "contentHash": "ZMJAhl7EHBhHvH1c/Jc6FZdV2sNgf5DETfxVq1Wm7i0By6o8LvrVQakBAvC7GK2ZHMJB2kmeD5YM3JPSGvT3HA==",
        "dependencies": {
          "MassTransit.Abstractions": "8.5.7",
          "Microsoft.Extensions.DependencyInjection.Abstractions": "10.0.0",
          "Microsoft.Extensions.Diagnostics.HealthChecks": "10.0.0",
          "Microsoft.Extensions.Hosting.Abstractions": "10.0.0",
          "Microsoft.Extensions.Logging.Abstractions": "10.0.0",
          "Microsoft.Extensions.Options": "10.0.0"
        }
      },
      "MassTransit.RabbitMQ": {
        "type": "Direct",
        "requested": "[8.5.7, )",
        "resolved": "8.5.7",
        "contentHash": "EgT/5pBsDiSqktP+eHE7ssLW6FTfQ0Cd6Kt2Ug/VwM+VSJx7Ua/8/Hyi+HPpt3/qt40qQI5j2/s9xDOrbAkU3w==",
        "dependencies": {
          "MassTransit": "8.5.7",
          "RabbitMQ.Client": "7.2.0"
        }
      },
      "System.Linq.Async": {
        "type": "Direct",
        "requested": "[7.0.0, )",
        "resolved": "7.0.0",
        "contentHash": "A2Wci92Oyuodi8YLMQCJJ0vHqzgRFgEUG1K6tQNcoxHd3w05B1LvGzXvxQnGYPIL4Cr4hicHytpk2F2Jx8TZHg==",
        "dependencies": {
          "System.Interactive.Async": "7.0.0"
        }
      },
      "Asp.Versioning.Abstractions": {
        "type": "Transitive",
        "resolved": "8.1.0",
        "contentHash": "mpeNZyMdvrHztJwR1sXIUQ+3iioEU97YMBnFA9WLbsPOYhGwDJnqJMmEd8ny7kcmS9OjTHoEuX/bSXXY3brIFA==",
        "dependencies": {
          "Microsoft.Extensions.Primitives": "8.0.0"
        }
      },
      "Asp.Versioning.Http": {
        "type": "Transitive",
        "resolved": "8.1.0",
        "contentHash": "Xu4xF62Cu9JqYi/CTa2TiK5kyHoa4EluPynj/bPFWDmlTIPzuJQbBI5RgFYVRFHjFVvWMoA77acRaFu7i7Wzqg==",
        "dependencies": {
          "Asp.Versioning.Abstractions": "8.1.0"
        }
      },
      "Asp.Versioning.Mvc": {
        "type": "Transitive",
        "resolved": "8.1.0",
        "contentHash": "BMAJM2sGsTUw5FQ9upKQt6GFoldWksePgGpYjl56WSRvIuE3UxKZh0gAL+wDTIfLshUZm97VCVxlOGyrcjWz9Q==",
        "dependencies": {
          "Asp.Versioning.Http": "8.1.0"
        }
      },
      "Aspire.Pomelo.EntityFrameworkCore.MySql": {
        "type": "Transitive",
        "resolved": "13.0.1",
        "contentHash": "gj39PTzp2CwK6DIDsiHAr2hjmR+d/5gJh7EJQotI3DFUqURoJ+0sqXpwMPRikg0bGeTLKkUKun6KJe0nkV+zOg==",
        "dependencies": {
          "Microsoft.Extensions.Caching.Memory": "8.0.1",
          "Microsoft.Extensions.Configuration.Abstractions": "8.0.0",
          "Microsoft.Extensions.Configuration.Binder": "8.0.2",
          "Microsoft.Extensions.DependencyInjection.Abstractions": "8.0.2",
          "Microsoft.Extensions.Diagnostics.HealthChecks": "8.0.22",
          "Microsoft.Extensions.Diagnostics.HealthChecks.EntityFrameworkCore": "8.0.22",
          "Microsoft.Extensions.Hosting.Abstractions": "8.0.1",
          "Microsoft.Extensions.Logging.Abstractions": "8.0.3",
          "Microsoft.Extensions.Options": "8.0.2",
          "Microsoft.Extensions.Primitives": "8.0.0",
          "MySqlConnector.Logging.Microsoft.Extensions.Logging": "2.1.0",
          "OpenTelemetry.Extensions.Hosting": "1.9.0",
          "Polly.Core": "8.6.4",
          "Polly.Extensions": "8.6.4",
          "Pomelo.EntityFrameworkCore.MySql": "8.0.3"
        }
      },
      "Castle.Core": {
        "type": "Transitive",
        "resolved": "5.2.1",
        "contentHash": "wHARzQA695jwwKreOzNsq54KiGqKP38tv8hi8e2FXDEC/sA6BtrX90tVPDkOfVu13PbEzr00TCV8coikl+D1Iw==",
        "dependencies": {
          "System.Diagnostics.EventLog": "6.0.0"
        }
      },
      "FluentResults": {
        "type": "Transitive",
        "resolved": "4.0.0",
        "contentHash": "wKfdLvDnDVhXlSreU7u/NFNHH6EfoOhAloEID4ePAyk+ZliowKZJvX+aCL4hxhFc9Jj74t62amS4LyOYTjXGCg==",
        "dependencies": {
          "Microsoft.Extensions.Logging.Abstractions": "2.1.1",
          "System.Threading.Tasks.Extensions": "4.5.4"
        }
      },
      "JetBrains.Annotations": {
        "type": "Transitive",
        "resolved": "2025.2.4",
        "contentHash": "TwbgxAkXxY+vNEhNVx/QXjJ4vqxmepOjsgRvvImQPbHkHMMb4W+ahL3laMsxXKtNT7iMy+E1B3xkqao2hf1n3A=="
      },
      "MassTransit.Abstractions": {
        "type": "Transitive",
        "resolved": "8.5.7",
        "contentHash": "HdS4nzARrW34F+ftZpfykSEwmvEFD8Z+lRulwakt0YU9xg4IE3bUmbls15vuOxfC2YDtcr7y3+SQYzXx6fG/vA=="
      },
      "Microsoft.AspNetCore.Authorization": {
        "type": "Transitive",
        "resolved": "10.0.0",
        "contentHash": "8qUwBAtUj9kX8RwqEPGJu3zGM/GlwF2bR9gsxk/+kiSmCB6aDYlYF7E2gM9VOYS9NDF6zxTSEgJxwD9kFbu8Sw==",
        "dependencies": {
          "Microsoft.AspNetCore.Metadata": "10.0.0",
          "Microsoft.Extensions.Diagnostics": "10.0.0",
          "Microsoft.Extensions.Logging.Abstractions": "10.0.0",
          "Microsoft.Extensions.Options": "10.0.0"
        }
      },
      "Microsoft.AspNetCore.Cryptography.Internal": {
        "type": "Transitive",
        "resolved": "10.0.0",
        "contentHash": "jGlm8BsWcN1IIxLaxcHP6s0u2OEiBMa0HPCiWkMK7xox/h4WP2CRMyk7tV0cJC5LdM3JoR5UUqU2cxat6ElwlA=="
      },
      "Microsoft.AspNetCore.Cryptography.KeyDerivation": {
        "type": "Transitive",
        "resolved": "10.0.0",
        "contentHash": "Xo7cBZnUfe+i+rnfM+NH/KVD50BnBrfjsUBjMzjxAL0HdNAUcnhcx9/01o4CX7CKf+jc2bgvg+frlT4aJcVdyg==",
        "dependencies": {
          "Microsoft.AspNetCore.Cryptography.Internal": "10.0.0"
        }
      },
      "Microsoft.AspNetCore.Diagnostics.EntityFrameworkCore": {
        "type": "Transitive",
        "resolved": "10.0.0",
        "contentHash": "+G3o7pCNNqtuQMtO2Sxdng18Wc0RjQmbNG41GUQUM3rMjytPv59p2/9gCA+iHs2juG8/a6q7uxq8OH8WaVAk6Q==",
        "dependencies": {
          "Microsoft.EntityFrameworkCore.Relational": "10.0.0"
        }
      },
      "Microsoft.AspNetCore.Identity.EntityFrameworkCore": {
        "type": "Transitive",
        "resolved": "10.0.0",
        "contentHash": "mH1+58nbX5RWSd8hajSnXSdpQ1MN3oca488Zd+DvKX2nPTAyTVNRzubMV06BmPcjOZ9waLr/AjwcNiCQ8bCscQ==",
        "dependencies": {
          "Microsoft.EntityFrameworkCore.Relational": "10.0.0",
          "Microsoft.Extensions.Identity.Stores": "10.0.0"
        }
      },
      "Microsoft.AspNetCore.Metadata": {
        "type": "Transitive",
        "resolved": "10.0.0",
        "contentHash": "uMXReBNxJKabrdoxHn4LNDTlGQFGDPtntlVvqo/b0HaxJzeDAIMFXJJ64mufJCNRuQU/Pus8ngcTZErvnsh7vg=="
      },
      "Microsoft.AspNetCore.OpenApi": {
        "type": "Transitive",
        "resolved": "10.0.0",
        "contentHash": "0aqIF1t+sA2T62LIeMtXGSiaV7keGQaJnvwwmu+htQdjCaKYARfXAeqp4nHH9y2etpilyZ/tnQzZg4Ilmo/c4Q==",
        "dependencies": {
          "Microsoft.OpenApi": "2.0.0"
        }
      },
      "Microsoft.EntityFrameworkCore": {
        "type": "Transitive",
        "resolved": "10.0.0",
        "contentHash": "hHa2amRjMyBLUH/KTML6FgIAhZ0VFYkhCKwWEax0rO6iNeM1P5MflyeQLE5dniSIOZHc3Oqyv5UIyTFO4e1Auw==",
        "dependencies": {
          "Microsoft.EntityFrameworkCore.Abstractions": "10.0.0",
          "Microsoft.EntityFrameworkCore.Analyzers": "10.0.0",
          "Microsoft.Extensions.Caching.Memory": "10.0.0",
          "Microsoft.Extensions.Logging": "10.0.0"
        }
      },
      "Microsoft.EntityFrameworkCore.Abstractions": {
        "type": "Transitive",
        "resolved": "10.0.0",
        "contentHash": "C+TT9k7f1GQ8agOfV512K9iwrzi76RXVSDiLx+iWC9pz3QhEpSF1Dyk+FpVvd8ULQ+rqymfM8KQ7g48ttQVyMg=="
      },
      "Microsoft.EntityFrameworkCore.Analyzers": {
        "type": "Transitive",
        "resolved": "10.0.0",
        "contentHash": "TxHQq0kn0tpYs2ljeRl8jtmWk720B0nteqI6mAZM77HWJpYT9Zj8SkkBBlj8K3Yeq18a6NBjz6YutE+shEk4Ag=="
      },
      "Microsoft.EntityFrameworkCore.Proxies": {
        "type": "Transitive",
        "resolved": "10.0.0",
        "contentHash": "zskhc/SHCORogkdZZpPupe189/mj52PxzU21/MyOxTHD+7cwv0KD5B54szd9WdT0fapz5NULJ+PzvNiDn3AqCg==",
        "dependencies": {
          "Castle.Core": "5.2.1",
          "Microsoft.EntityFrameworkCore": "10.0.0",
          "Microsoft.Extensions.Caching.Memory": "10.0.0",
          "Microsoft.Extensions.Logging": "10.0.0"
        }
      },
      "Microsoft.EntityFrameworkCore.Relational": {
        "type": "Transitive",
        "resolved": "10.0.0",
        "contentHash": "A3MX1ee7RDxWCUdx/KqP+74fbksz0UIhkVZh56YHvbPkEKsffCXgHU3LGkRDwqR/MrBNWLCWC/IVX79tzM30ZA==",
        "dependencies": {
          "Microsoft.EntityFrameworkCore": "10.0.0",
          "Microsoft.Extensions.Caching.Memory": "10.0.0",
          "Microsoft.Extensions.Configuration.Abstractions": "10.0.0",
          "Microsoft.Extensions.Logging": "10.0.0"
        }
      },
      "Microsoft.Extensions.AmbientMetadata.Application": {
        "type": "Transitive",
        "resolved": "10.0.0",
        "contentHash": "bqA2KZIknwyE9DCKEe3qvmr7odWRHmcMHlBwGvIPdFyaaxedeIQrELs+ryUgHHtgYK6TfK82jEMwBpJtERST6A==",
        "dependencies": {
          "Microsoft.Extensions.Configuration": "10.0.0",
          "Microsoft.Extensions.Hosting.Abstractions": "10.0.0",
          "Microsoft.Extensions.Options.ConfigurationExtensions": "10.0.0"
        }
      },
      "Microsoft.Extensions.Caching.Abstractions": {
        "type": "Transitive",
        "resolved": "10.0.0",
        "contentHash": "Zcoy6H9mSoGyvr7UvlGokEZrlZkcPCICPZr8mCsSt9U/N8eeCwCXwKF5bShdA66R0obxBCwP4AxomQHvVkC/uA==",
        "dependencies": {
          "Microsoft.Extensions.Primitives": "10.0.0"
        }
      },
      "Microsoft.Extensions.Caching.Memory": {
        "type": "Transitive",
        "resolved": "10.0.0",
        "contentHash": "krK19MKp0BNiR9rpBDW7PKSrTMLVlifS9am3CVc4O1Jq6GWz0o4F+sw5OSL4L3mVd56W8l6JRgghUa2KB51vOw==",
        "dependencies": {
          "Microsoft.Extensions.Caching.Abstractions": "10.0.0",
          "Microsoft.Extensions.DependencyInjection.Abstractions": "10.0.0",
          "Microsoft.Extensions.Logging.Abstractions": "10.0.0",
          "Microsoft.Extensions.Options": "10.0.0",
          "Microsoft.Extensions.Primitives": "10.0.0"
        }
      },
      "Microsoft.Extensions.Compliance.Abstractions": {
        "type": "Transitive",
        "resolved": "10.0.0",
        "contentHash": "dfJxd9USR8BbRzZZPWVoqFVVESJRTUh2tn6TmSPQsJ2mJjvGsGJGlELM9vctAfgthajBicRZ9zzxsu6s4VUmMQ==",
        "dependencies": {
          "Microsoft.Extensions.DependencyInjection.Abstractions": "10.0.0",
          "Microsoft.Extensions.ObjectPool": "10.0.0"
        }
      },
      "Microsoft.Extensions.Configuration": {
        "type": "Transitive",
        "resolved": "10.0.0",
        "contentHash": "H4SWETCh/cC5L1WtWchHR6LntGk3rDTTznZMssr4cL8IbDmMWBxY+MOGDc/ASnqNolLKPIWHWeuC1ddiL/iNPw==",
        "dependencies": {
          "Microsoft.Extensions.Configuration.Abstractions": "10.0.0",
          "Microsoft.Extensions.Primitives": "10.0.0"
        }
      },
      "Microsoft.Extensions.Configuration.Abstractions": {
        "type": "Transitive",
        "resolved": "10.0.0",
        "contentHash": "d2kDKnCsJvY7mBVhcjPSp9BkJk48DsaHPg5u+Oy4f8XaOqnEedRy/USyvnpHL92wpJ6DrTPy7htppUUzskbCXQ==",
        "dependencies": {
          "Microsoft.Extensions.Primitives": "10.0.0"
        }
      },
      "Microsoft.Extensions.Configuration.Binder": {
        "type": "Transitive",
        "resolved": "10.0.0",
        "contentHash": "tMF9wNh+hlyYDWB8mrFCQHQmWHlRosol1b/N2Jrefy1bFLnuTlgSYmPyHNmz8xVQgs7DpXytBRWxGhG+mSTp0g==",
        "dependencies": {
          "Microsoft.Extensions.Configuration": "10.0.0",
          "Microsoft.Extensions.Configuration.Abstractions": "10.0.0"
        }
      },
      "Microsoft.Extensions.DependencyInjection": {
        "type": "Transitive",
        "resolved": "10.0.0",
        "contentHash": "f0RBabswJq+gRu5a+hWIobrLWiUYPKMhCD9WO3sYBAdSy3FFH14LMvLVFZc2kPSCimBLxSuitUhsd6tb0TAY6A==",
        "dependencies": {
          "Microsoft.Extensions.DependencyInjection.Abstractions": "10.0.0"
        }
      },
      "Microsoft.Extensions.DependencyInjection.Abstractions": {
        "type": "Transitive",
        "resolved": "10.0.0",
        "contentHash": "L3AdmZ1WOK4XXT5YFPEwyt0ep6l8lGIPs7F5OOBZc77Zqeo01Of7XXICy47628sdVl0v/owxYJTe86DTgFwKCA=="
      },
      "Microsoft.Extensions.DependencyInjection.AutoActivation": {
        "type": "Transitive",
        "resolved": "10.0.0",
        "contentHash": "5t17Z77ysTmEla9/xUiOJLYLc8/9OyzlZJRxjTaSyiCi0mEroR0PwldKZsfwFLUOMSaNP6vngptYFbw7stO0rw==",
        "dependencies": {
          "Microsoft.Extensions.Hosting.Abstractions": "10.0.0"
        }
      },
      "Microsoft.Extensions.Diagnostics": {
        "type": "Transitive",
        "resolved": "10.0.0",
        "contentHash": "xjkxIPgrT0mKTfBwb+CVqZnRchyZgzKIfDQOp8z+WUC6vPe3WokIf71z+hJPkH0YBUYJwa7Z/al1R087ib9oiw==",
        "dependencies": {
          "Microsoft.Extensions.Configuration": "10.0.0",
          "Microsoft.Extensions.Diagnostics.Abstractions": "10.0.0",
          "Microsoft.Extensions.Options.ConfigurationExtensions": "10.0.0"
        }
      },
      "Microsoft.Extensions.Diagnostics.Abstractions": {
        "type": "Transitive",
        "resolved": "10.0.0",
        "contentHash": "SfK89ytD61S7DgzorFljSkUeluC1ncn6dtZgwc0ot39f/BEYWBl5jpgvodxduoYAs1d9HG8faCDRZxE95UMo2A==",
        "dependencies": {
          "Microsoft.Extensions.DependencyInjection.Abstractions": "10.0.0",
          "Microsoft.Extensions.Options": "10.0.0"
        }
      },
      "Microsoft.Extensions.Diagnostics.ExceptionSummarization": {
        "type": "Transitive",
        "resolved": "10.0.0",
        "contentHash": "rfirztoSX5INXWX6YJ1iwTPfmsl53c3t3LN7rjOXbt5w5e0CmGVaUHYhABYq+rn+d+w0HWqgMiQubOZeirUAfw==",
        "dependencies": {
          "Microsoft.Extensions.DependencyInjection.Abstractions": "10.0.0"
        }
      },
      "Microsoft.Extensions.Diagnostics.HealthChecks": {
        "type": "Transitive",
        "resolved": "10.0.0",
        "contentHash": "4x6y2Uy+g9Ou93eBCVkG/3JCwnc2AMKhrE1iuEhXT/MzNN7co/Zt6yL+q1Srt0CnOe3iLX+sVqpJI4ZGlOPfug==",
        "dependencies": {
          "Microsoft.Extensions.Diagnostics.HealthChecks.Abstractions": "10.0.0",
          "Microsoft.Extensions.Hosting.Abstractions": "10.0.0",
          "Microsoft.Extensions.Logging.Abstractions": "10.0.0",
          "Microsoft.Extensions.Options": "10.0.0"
        }
      },
      "Microsoft.Extensions.Diagnostics.HealthChecks.Abstractions": {
        "type": "Transitive",
        "resolved": "10.0.0",
        "contentHash": "jAhZbzDa117otUBMuQQ6JzSfuDbBBrfOs5jw5l7l9hKpzt+LjYKVjSauXG2yV9u7BqUSLUtKLwcerDQDeQ+0Xw=="
      },
      "Microsoft.Extensions.Diagnostics.HealthChecks.EntityFrameworkCore": {
        "type": "Transitive",
        "resolved": "8.0.22",
        "contentHash": "LAgU3srFCK5teSjTGfhVSV7SKaqb9pyR5U8h/W2NLXa5DZCZJ9DJShKaQ00zTlx5nro7h1YRslXFroj+vOWlkw==",
        "dependencies": {
          "Microsoft.EntityFrameworkCore.Relational": "8.0.22",
          "Microsoft.Extensions.Diagnostics.HealthChecks": "8.0.22",
          "Microsoft.Extensions.Diagnostics.HealthChecks.Abstractions": "8.0.22"
        }
      },
      "Microsoft.Extensions.Features": {
        "type": "Transitive",
        "resolved": "10.0.0",
        "contentHash": "kCFjPpfvz0K00xIpe7wJKre1gFJdNIu9+1BYJLklu3GWb+uU4HIjza0uMBQeFGZws9VJos9LeO+PUfvGcre+9g=="
      },
      "Microsoft.Extensions.FileProviders.Abstractions": {
        "type": "Transitive",
        "resolved": "10.0.0",
        "contentHash": "/ppSdehKk3fuXjlqCDgSOtjRK/pSHU8eWgzSHfHdwVm5BP4Dgejehkw+PtxKG2j98qTDEHDst2Y99aNsmJldmw==",
        "dependencies": {
          "Microsoft.Extensions.Primitives": "10.0.0"
        }
      },
      "Microsoft.Extensions.Hosting.Abstractions": {
        "type": "Transitive",
        "resolved": "10.0.0",
        "contentHash": "KrN6TGFwCwqOkLLk/idW/XtDQh+8In+CL9T4M1Dx+5ScsjTq4TlVbal8q532m82UYrMr6RiQJF2HvYCN0QwVsA==",
        "dependencies": {
          "Microsoft.Extensions.Configuration.Abstractions": "10.0.0",
          "Microsoft.Extensions.DependencyInjection.Abstractions": "10.0.0",
          "Microsoft.Extensions.Diagnostics.Abstractions": "10.0.0",
          "Microsoft.Extensions.FileProviders.Abstractions": "10.0.0",
          "Microsoft.Extensions.Logging.Abstractions": "10.0.0"
        }
      },
      "Microsoft.Extensions.Http": {
        "type": "Transitive",
        "resolved": "10.0.0",
        "contentHash": "r+mSvm/Ryc/iYcc9zcUG5VP9EBB8PL1rgVU6macEaYk45vmGRk9PntM3aynFKN6s3Q4WW36kedTycIctctpTUQ==",
        "dependencies": {
          "Microsoft.Extensions.Configuration.Abstractions": "10.0.0",
          "Microsoft.Extensions.DependencyInjection.Abstractions": "10.0.0",
          "Microsoft.Extensions.Diagnostics": "10.0.0",
          "Microsoft.Extensions.Logging": "10.0.0",
          "Microsoft.Extensions.Logging.Abstractions": "10.0.0",
          "Microsoft.Extensions.Options": "10.0.0"
        }
      },
      "Microsoft.Extensions.Http.Diagnostics": {
        "type": "Transitive",
        "resolved": "10.0.0",
        "contentHash": "Ll00tZzMmIO9wnA0JCqsmuDHfT1YXmtiGnpazZpAilwS/ro0gf8JIqgWOy6cLfBNDxFruaJhhvTKdLSlgcomHw==",
        "dependencies": {
          "Microsoft.Extensions.Http": "10.0.0",
          "Microsoft.Extensions.Telemetry": "10.0.0"
        }
      },
      "Microsoft.Extensions.Http.Resilience": {
        "type": "Transitive",
        "resolved": "10.0.0",
        "contentHash": "Mn/diApGtdtz83Mi+XO57WhO+FsiSScfjUsIU/h8nryh3pkUNZGhpUx22NtuOxgYSsrYfODgOa2QMtIQAOv/dA==",
        "dependencies": {
          "Microsoft.Extensions.Http.Diagnostics": "10.0.0",
          "Microsoft.Extensions.ObjectPool": "10.0.0",
          "Microsoft.Extensions.Resilience": "10.0.0"
        }
      },
      "Microsoft.Extensions.Identity.Core": {
        "type": "Transitive",
        "resolved": "10.0.0",
        "contentHash": "EstJPVPxd71mTw5x4pbnUvSpPi3xWDNasM0QZx0p2J6bCxQkq7YNksRUJvOfFN28VCMrGRejnheNaGLDy/ROQQ==",
        "dependencies": {
          "Microsoft.AspNetCore.Cryptography.KeyDerivation": "10.0.0",
          "Microsoft.Extensions.Logging": "10.0.0",
          "Microsoft.Extensions.Options": "10.0.0"
        }
      },
      "Microsoft.Extensions.Identity.Stores": {
        "type": "Transitive",
        "resolved": "10.0.0",
        "contentHash": "Rtg3Mjy13li7Lpim7qP+JN1pWXsBR/8mslLIhSMvt8WfojxkDlvUhVxY2leIVYnnl5igfixGLzjpC2soGhPCBw==",
        "dependencies": {
          "Microsoft.Extensions.Caching.Abstractions": "10.0.0",
          "Microsoft.Extensions.Identity.Core": "10.0.0",
          "Microsoft.Extensions.Logging": "10.0.0"
        }
      },
      "Microsoft.Extensions.Logging": {
        "type": "Transitive",
        "resolved": "10.0.0",
        "contentHash": "BStFkd5CcnEtarlcgYDBcFzGYCuuNMzPs02wN3WBsOFoYIEmYoUdAiU+au6opzoqfTYJsMTW00AeqDdnXH2CvA==",
        "dependencies": {
          "Microsoft.Extensions.DependencyInjection": "10.0.0",
          "Microsoft.Extensions.Logging.Abstractions": "10.0.0",
          "Microsoft.Extensions.Options": "10.0.0"
        }
      },
      "Microsoft.Extensions.Logging.Abstractions": {
        "type": "Transitive",
        "resolved": "10.0.0",
        "contentHash": "FU/IfjDfwaMuKr414SSQNTIti/69bHEMb+QKrskRb26oVqpx3lNFXMjs/RC9ZUuhBhcwDM2BwOgoMw+PZ+beqQ==",
        "dependencies": {
          "Microsoft.Extensions.DependencyInjection.Abstractions": "10.0.0"
        }
      },
      "Microsoft.Extensions.Logging.Configuration": {
        "type": "Transitive",
        "resolved": "10.0.0",
        "contentHash": "j8zcwhS6bYB6FEfaY3nYSgHdpiL2T+/V3xjpHtslVAegyI1JUbB9yAt/BFdvZdsNbY0Udm4xFtvfT/hUwcOOOg==",
        "dependencies": {
          "Microsoft.Extensions.Configuration": "10.0.0",
          "Microsoft.Extensions.Configuration.Abstractions": "10.0.0",
          "Microsoft.Extensions.Configuration.Binder": "10.0.0",
          "Microsoft.Extensions.DependencyInjection.Abstractions": "10.0.0",
          "Microsoft.Extensions.Logging": "10.0.0",
          "Microsoft.Extensions.Logging.Abstractions": "10.0.0",
          "Microsoft.Extensions.Options": "10.0.0",
          "Microsoft.Extensions.Options.ConfigurationExtensions": "10.0.0"
        }
      },
      "Microsoft.Extensions.ObjectPool": {
        "type": "Transitive",
        "resolved": "10.0.0",
        "contentHash": "bpeCq0IYmVLACyEUMzFIOQX+zZUElG1t+nu1lSxthe7B+1oNYking7b91305+jNB6iwojp9fqTY9O+Nh7ULQxg=="
      },
      "Microsoft.Extensions.Options": {
        "type": "Transitive",
        "resolved": "10.0.0",
        "contentHash": "8oCAgXOow5XDrY9HaXX1QmH3ORsyZO/ANVHBlhLyCeWTH5Sg4UuqZeOTWJi6484M+LqSx0RqQXDJtdYy2BNiLQ==",
        "dependencies": {
          "Microsoft.Extensions.DependencyInjection.Abstractions": "10.0.0",
          "Microsoft.Extensions.Primitives": "10.0.0"
        }
      },
      "Microsoft.Extensions.Options.ConfigurationExtensions": {
        "type": "Transitive",
        "resolved": "10.0.0",
        "contentHash": "tL9cSl3maS5FPzp/3MtlZI21ExWhni0nnUCF8HY4npTsINw45n9SNDbkKXBMtFyUFGSsQep25fHIDN4f/Vp3AQ==",
        "dependencies": {
          "Microsoft.Extensions.Configuration.Abstractions": "10.0.0",
          "Microsoft.Extensions.Configuration.Binder": "10.0.0",
          "Microsoft.Extensions.DependencyInjection.Abstractions": "10.0.0",
          "Microsoft.Extensions.Options": "10.0.0",
          "Microsoft.Extensions.Primitives": "10.0.0"
        }
      },
      "Microsoft.Extensions.Primitives": {
        "type": "Transitive",
        "resolved": "10.0.0",
        "contentHash": "inRnbpCS0nwO/RuoZIAqxQUuyjaknOOnCEZB55KSMMjRhl0RQDttSmLSGsUJN3RQ3ocf5NDLFd2mOQViHqMK5w=="
      },
      "Microsoft.Extensions.Resilience": {
        "type": "Transitive",
        "resolved": "10.0.0",
        "contentHash": "EPW15dqrBiqkD6YE4XVWivGMXTTPE3YAmXJ32wr1k8E1l7veEYUHwzetOonV76GTe4oJl1np3AXYFnCRpBYU+w==",
        "dependencies": {
          "Microsoft.Extensions.Diagnostics": "10.0.0",
          "Microsoft.Extensions.Diagnostics.ExceptionSummarization": "10.0.0",
          "Microsoft.Extensions.Options.ConfigurationExtensions": "10.0.0",
          "Microsoft.Extensions.Telemetry.Abstractions": "10.0.0",
          "Polly.Extensions": "8.4.2",
          "Polly.RateLimiting": "8.4.2"
        }
      },
      "Microsoft.Extensions.ServiceDiscovery": {
        "type": "Transitive",
        "resolved": "10.0.0",
        "contentHash": "SAWCC/N/94cJnLt/cAYJgB/C9SdN82ln9Dc2O/+5ZXlnP7Z6KQK11h4/YCVX1M3VUrv6dZUAbhbcuNgMQSMEzQ==",
        "dependencies": {
          "Microsoft.Extensions.Http": "10.0.0",
          "Microsoft.Extensions.ServiceDiscovery.Abstractions": "10.0.0"
        }
      },
      "Microsoft.Extensions.ServiceDiscovery.Abstractions": {
        "type": "Transitive",
        "resolved": "10.0.0",
        "contentHash": "qlF8wZH4EpEoaU+EBU5PsTrBLtUwWdDKPUi4VDs7zHsnNB6h9MBqfyqD8aS7WVfEvaZzp6cl7rXOplnNc1TNwQ==",
        "dependencies": {
          "Microsoft.Extensions.Configuration.Abstractions": "10.0.0",
          "Microsoft.Extensions.Configuration.Binder": "10.0.0",
          "Microsoft.Extensions.DependencyInjection.Abstractions": "10.0.0",
          "Microsoft.Extensions.Features": "10.0.0",
          "Microsoft.Extensions.Logging.Abstractions": "10.0.0",
          "Microsoft.Extensions.Options": "10.0.0",
          "Microsoft.Extensions.Primitives": "10.0.0"
        }
      },
      "Microsoft.Extensions.ServiceDiscovery.Yarp": {
        "type": "Transitive",
        "resolved": "10.0.0",
        "contentHash": "N5H6PRXyYdf/ltt7S636fxWgPumXw1p3rDaTsGHmEwBa0JAEhOWoO5meXTzUub7FPs3rvyz5X6dzHKbfX3nr/Q==",
        "dependencies": {
          "Microsoft.Extensions.ServiceDiscovery": "10.0.0",
          "Microsoft.Extensions.ServiceDiscovery.Abstractions": "10.0.0",
          "Yarp.ReverseProxy": "2.3.0"
        }
      },
      "Microsoft.Extensions.Telemetry": {
        "type": "Transitive",
        "resolved": "10.0.0",
        "contentHash": "dII0Kuh699xBMBmK7oLJNNXmJ+kMRcpabil/VbAtO08zjSNQPb/dk/kBI6sVfWw20po1J/up03SAYeLKPc3LEg==",
        "dependencies": {
          "Microsoft.Extensions.AmbientMetadata.Application": "10.0.0",
          "Microsoft.Extensions.DependencyInjection.AutoActivation": "10.0.0",
          "Microsoft.Extensions.Logging.Configuration": "10.0.0",
          "Microsoft.Extensions.ObjectPool": "10.0.0",
          "Microsoft.Extensions.Telemetry.Abstractions": "10.0.0"
        }
      },
      "Microsoft.Extensions.Telemetry.Abstractions": {
        "type": "Transitive",
        "resolved": "10.0.0",
        "contentHash": "M17n6IpgutodXxwTZk1r5Jp2ZZ995FJTKMxiEQSr6vT3iwRfRq2HWzzrR1B6N3MpJhDfI2QuMdCOLUq++GCsQg==",
        "dependencies": {
          "Microsoft.Extensions.Compliance.Abstractions": "10.0.0",
          "Microsoft.Extensions.Logging.Abstractions": "10.0.0",
          "Microsoft.Extensions.ObjectPool": "10.0.0",
          "Microsoft.Extensions.Options": "10.0.0"
        }
      },
      "Microsoft.IdentityModel.Abstractions": {
        "type": "Transitive",
        "resolved": "8.14.0",
        "contentHash": "iwbCpSjD3ehfTwBhtSNEtKPK0ICun6ov7Ibx6ISNA9bfwIyzI2Siwyi9eJFCJBwxowK9xcA1mj+jBWiigeqgcQ=="
      },
      "Microsoft.IdentityModel.JsonWebTokens": {
        "type": "Transitive",
        "resolved": "8.14.0",
        "contentHash": "4jOpiA4THdtpLyMdAb24dtj7+6GmvhOhxf5XHLYWmPKF8ApEnApal1UnJsKO4HxUWRXDA6C4WQVfYyqsRhpNpQ==",
        "dependencies": {
          "Microsoft.IdentityModel.Tokens": "8.14.0"
        }
      },
      "Microsoft.IdentityModel.Logging": {
        "type": "Transitive",
        "resolved": "8.14.0",
        "contentHash": "eqqnemdW38CKZEHS6diA50BV94QICozDZEvSrsvN3SJXUFwVB9gy+/oz76gldP7nZliA16IglXjXTCTdmU/Ejg==",
        "dependencies": {
          "Microsoft.IdentityModel.Abstractions": "8.14.0"
        }
      },
      "Microsoft.IdentityModel.Tokens": {
        "type": "Transitive",
        "resolved": "8.14.0",
        "contentHash": "lKIZiBiGd36k02TCdMHp1KlNWisyIvQxcYJvIkz7P4gSQ9zi8dgh6S5Grj8NNG7HWYIPfQymGyoZ6JB5d1Lo1g==",
        "dependencies": {
          "Microsoft.Extensions.Logging.Abstractions": "8.0.0",
          "Microsoft.IdentityModel.Logging": "8.14.0"
        }
      },
      "Microsoft.OpenApi": {
        "type": "Transitive",
        "resolved": "2.0.0",
        "contentHash": "GGYLfzV/G/ct80OZ45JxnWP7NvMX1BCugn/lX7TH5o0lcVaviavsLMTxmFV2AybXWjbi3h6FF1vgZiTK6PXndw==",
        "dependencies": {
          "System.Text.Json": "8.0.5"
        }
      },
      "MySqlConnector": {
        "type": "Transitive",
        "resolved": "2.5.0",
        "contentHash": "hoAwfHHF8DlRRqwHOhN3u1KLi+XbX/4LPS7Anfa+SYC97vRyIfdEOEEfj1L50q01Ik8aDNvmDrNmu/VPFiAiaQ==",
        "dependencies": {
          "Microsoft.Extensions.DependencyInjection.Abstractions": "8.0.2",
          "Microsoft.Extensions.Logging.Abstractions": "8.0.2"
        }
      },
      "MySqlConnector.Logging.Microsoft.Extensions.Logging": {
        "type": "Transitive",
        "resolved": "2.1.0",
        "contentHash": "NN/WD/UiqHSzvV/ckLBFWS1TFzeqKMad5my9cBoW/onEG7vxv8jloqe2+olAWjuS1guImO/m2bDrYuVkeffNkQ==",
        "dependencies": {
          "Microsoft.Extensions.Logging.Abstractions": "2.0.0",
          "MySqlConnector": "2.1.0"
        }
      },
      "OpenIddict.Abstractions": {
        "type": "Transitive",
        "resolved": "7.2.0",
        "contentHash": "E0HB2Eps8shrRx7n3/QkwusiCPcnzcMi2JF16GZqff9Jx2PS3t3VyiOaW54cxPDIESNH3/VcguT+VrQPQrnRtQ==",
        "dependencies": {
          "Microsoft.Extensions.DependencyInjection.Abstractions": "10.0.0",
          "Microsoft.Extensions.Primitives": "10.0.0",
          "Microsoft.IdentityModel.Tokens": "8.14.0"
        }
      },
      "OpenIddict.Core": {
        "type": "Transitive",
        "resolved": "7.2.0",
        "contentHash": "6TI7+8CRT5MXjK+Qp+8kOdiaKJ724/nmbpuEYSxg1CZsbKmR7doGeP/6KZkh2l0xeonFshSRQr0D0ZeoFFb0SA==",
        "dependencies": {
          "Microsoft.Extensions.Caching.Memory": "10.0.0",
          "Microsoft.Extensions.Logging": "10.0.0",
          "Microsoft.Extensions.Options": "10.0.0",
          "OpenIddict.Abstractions": "7.2.0"
        }
      },
      "OpenIddict.EntityFrameworkCore": {
        "type": "Transitive",
        "resolved": "7.2.0",
        "contentHash": "dvahXEFDIYRPH3xy5ZqHklyLQNca4NG6YRPx8f1FWHs+mGCJ1FtM8gqJw3KzUkiRTtKUYzlM8NEcD3BqslEP7g==",
        "dependencies": {
          "Microsoft.EntityFrameworkCore.Relational": "10.0.0",
          "OpenIddict.Core": "7.2.0",
          "OpenIddict.EntityFrameworkCore.Models": "7.2.0"
        }
      },
      "OpenIddict.EntityFrameworkCore.Models": {
        "type": "Transitive",
        "resolved": "7.2.0",
        "contentHash": "zZ/0T2fIHV2Yr0YjOj7VKDDUQ0NTlSNTkoSoBEph1Pb26wPolf/fsdCEbdxxXKvuBAmnwMiO5ivIe1Y8Cz8SPw=="
      },
      "OpenTelemetry": {
        "type": "Transitive",
        "resolved": "1.14.0",
        "contentHash": "aiPBAr1+0dPDItH++MQQr5UgMf4xiybruzNlAoYYMYN3UUk+mGRcoKuZy4Z4rhhWUZIpK2Xhe7wUUXSTM32duQ==",
        "dependencies": {
          "Microsoft.Extensions.Diagnostics.Abstractions": "10.0.0",
          "Microsoft.Extensions.Logging.Configuration": "10.0.0",
          "OpenTelemetry.Api.ProviderBuilderExtensions": "1.14.0"
        }
      },
      "OpenTelemetry.Api": {
        "type": "Transitive",
        "resolved": "1.14.0",
        "contentHash": "foHci6viUw1f3gUB8qzz3Rk02xZIWMo299X0rxK0MoOWok/3dUVru+KKdY7WIoSHwRGpxGKkmAz9jIk2RFNbsQ=="
      },
      "OpenTelemetry.Api.ProviderBuilderExtensions": {
        "type": "Transitive",
        "resolved": "1.14.0",
        "contentHash": "i/lxOM92v+zU5I0rGl5tXAGz6EJtxk2MvzZ0VN6F6L5pMqT6s6RCXnGWXg6fW+vtZJsllBlQaf/VLPTzgefJpg==",
        "dependencies": {
          "Microsoft.Extensions.DependencyInjection.Abstractions": "10.0.0",
          "OpenTelemetry.Api": "1.14.0"
        }
      },
      "OpenTelemetry.Exporter.OpenTelemetryProtocol": {
        "type": "Transitive",
        "resolved": "1.14.0",
        "contentHash": "7ELExeje+T/KOywHuHwZBGQNtYlepUaYRFXWgoEaT1iKpFJVwOlE1Y2+uqHI2QQmah0Ue+XgRmDy924vWHfJ6Q==",
        "dependencies": {
          "OpenTelemetry": "1.14.0"
        }
      },
      "OpenTelemetry.Extensions.Hosting": {
        "type": "Transitive",
        "resolved": "1.14.0",
        "contentHash": "ZAxkCIa3Q3YWZ1sGrolXfkhPqn2PFSz2Cel74em/fATZgY5ixlw6MQp2icmqKCz4C7M1W2G0b92K3rX8mOtFRg==",
        "dependencies": {
          "Microsoft.Extensions.Hosting.Abstractions": "10.0.0",
          "OpenTelemetry": "1.14.0"
        }
      },
      "OpenTelemetry.Instrumentation.AspNetCore": {
        "type": "Transitive",
        "resolved": "1.14.0",
        "contentHash": "NQAQpFa3a4ofPUYwxcwtNPGpuRNwwx1HM7MnLEESYjYkhfhER+PqqGywW65rWd7bJEc1/IaL+xbmHH99pYDE0A==",
        "dependencies": {
          "OpenTelemetry.Api.ProviderBuilderExtensions": "[1.14.0, 2.0.0)"
        }
      },
      "OpenTelemetry.Instrumentation.EntityFrameworkCore": {
        "type": "Transitive",
        "resolved": "1.14.0-beta.2",
        "contentHash": "XsxsKgMuwi84TWkPN98H8FLOO/yW8vWIo/lxXQ8kWXastTI58+A4nmlFderFPmpLc+tvyhOGjHDlTK/AXWWOpQ==",
        "dependencies": {
          "Microsoft.Extensions.Configuration": "10.0.0",
          "Microsoft.Extensions.Options": "10.0.0",
          "OpenTelemetry.Api.ProviderBuilderExtensions": "[1.14.0, 2.0.0)"
        }
      },
      "OpenTelemetry.Instrumentation.GrpcNetClient": {
        "type": "Transitive",
        "resolved": "1.14.0-beta.1",
        "contentHash": "6DT8Q4FeUsNgZh0NyKDOMf/+Xi+a4KwfSfl6m53zhqpOLtctvB/OvPkwblRcl2/EUvHeJKnYcT7qWLLMI+/FoA==",
        "dependencies": {
          "OpenTelemetry": "[1.14.0, 2.0.0)"
        }
      },
      "OpenTelemetry.Instrumentation.Http": {
        "type": "Transitive",
        "resolved": "1.14.0",
        "contentHash": "uH8X1fYnywrgaUrSbemKvFiFkBwY7ZbBU7Wh4A/ORQmdpF3G/5STidY4PlK4xYuIv9KkdMXH/vkpvzQcayW70g==",
        "dependencies": {
          "Microsoft.Extensions.Configuration": "10.0.0",
          "Microsoft.Extensions.Options": "10.0.0",
          "OpenTelemetry.Api.ProviderBuilderExtensions": "[1.14.0, 2.0.0)"
        }
      },
      "OpenTelemetry.Instrumentation.Process": {
        "type": "Transitive",
        "resolved": "1.14.0-beta.2",
        "contentHash": "a3wmmz3Vrby0BIiHxIJifTQqtKREoWKg4yd+tFgi2aiTJ5oq2uYRRL70EuMYCGQHhGFeT2YSN+jonD1U81XoSA==",
        "dependencies": {
          "OpenTelemetry.Api": "[1.14.0, 2.0.0)"
        }
      },
      "OpenTelemetry.Instrumentation.Runtime": {
        "type": "Transitive",
        "resolved": "1.14.0",
        "contentHash": "Z6o4JDOQaKv6bInAYZxuyxxfMKr6hFpwLnKEgQ+q+oBNA9Fm1sysjFCOzRzk7U0WD86LsRPXX+chv1vJIg7cfg==",
        "dependencies": {
          "OpenTelemetry.Api": "[1.14.0, 2.0.0)"
        }
      },
      "Polly": {
        "type": "Transitive",
        "resolved": "8.6.5",
        "contentHash": "VqtW2ZE/ALvQMAH1cQY3qZ2cF2OXa3oe/HKMdOv6Q02HCoEW0rsFNfcBONXlHBe1TnjWW1vdRxBEkPeq0/2FHA==",
        "dependencies": {
          "Polly.Core": "8.6.5"
        }
      },
      "Polly.Core": {
        "type": "Transitive",
        "resolved": "8.6.5",
        "contentHash": "t+sUVrIwvo7UmsgHGgOG9F0GDZSRIm47u2ylH17Gvcv1q5hNEwgD5GoBlFyc0kh/pebmPyrAgvGsR/65ZBaXlg=="
      },
      "Polly.Extensions": {
        "type": "Transitive",
        "resolved": "8.6.4",
        "contentHash": "mosKFAGlCD/VfJBWKamWrLYHr1D0o8XrUKZ4I0AUxvUHsY+Nq1y5g75sa5JB7dIyOC+Vdf0xXxYSuLU+uljfjw==",
        "dependencies": {
          "Microsoft.Extensions.Logging.Abstractions": "8.0.0",
          "Microsoft.Extensions.Options": "8.0.0",
          "Polly.Core": "8.6.4"
        }
      },
      "Polly.RateLimiting": {
        "type": "Transitive",
        "resolved": "8.4.2",
        "contentHash": "ehTImQ/eUyO07VYW2WvwSmU9rRH200SKJ/3jku9rOkyWE0A2JxNFmAVms8dSn49QLSjmjFRRSgfNyOgr/2PSmA==",
        "dependencies": {
          "Polly.Core": "8.4.2",
          "System.Threading.RateLimiting": "8.0.0"
        }
      },
      "Pomelo.EntityFrameworkCore.MySql": {
        "type": "Transitive",
        "resolved": "9.0.0",
        "contentHash": "cl7S4s6CbJno0LjNxrBHNc2xxmCliR5i40ATPZk/eTywVaAbHCbdc9vbGc3QThvwGjHqrDHT8vY9m1VF/47o0g==",
        "dependencies": {
          "Microsoft.EntityFrameworkCore.Relational": "[9.0.0, 9.0.999]",
          "MySqlConnector": "2.4.0"
        }
      },
      "RabbitMQ.Client": {
        "type": "Transitive",
        "resolved": "7.2.0",
        "contentHash": "PPQ7cF7lwbhqC4up6en1bTUZlz06YqQwJecOJzsguTtyhNA7oL5uNDZIx/h6ZfcyPZV4V3DYKSCxfm4RUFLcbA==",
        "dependencies": {
          "System.IO.Pipelines": "8.0.0",
          "System.Threading.RateLimiting": "8.0.0"
        }
      },
      "Scalar.AspNetCore": {
        "type": "Transitive",
        "resolved": "2.11.0",
        "contentHash": "zOV12+2VE6Tsb3U3YRtJtVABmzbAEPEkiYLAckHBgUuj6suarSp3kA4HE3UU9kNQmJrU6xrD5GTOAtwVENMgJQ=="
      },
      "SixLabors.ImageSharp": {
        "type": "Transitive",
        "resolved": "3.1.12",
        "contentHash": "iAg6zifihXEFS/t7fiHhZBGAdCp3FavsF4i2ZIDp0JfeYeDVzvmlbY1CNhhIKimaIzrzSi5M/NBFcWvZT2rB/A=="
      },
      "System.Diagnostics.EventLog": {
        "type": "Transitive",
        "resolved": "6.0.0",
        "contentHash": "lcyUiXTsETK2ALsZrX+nWuHSIQeazhqPphLfaRxzdGaG93+0kELqpgEHtwWOlQe7+jSFnKwaCAgL4kjeZCQJnw=="
      },
      "System.Interactive.Async": {
        "type": "Transitive",
        "resolved": "7.0.0",
        "contentHash": "Ckj+tg2BVOZ0oLp7FAbjfvRyA/BMkUhVxROLd+x22zncRR6KD7CdFzAYp+9Mo2cedxAMo2X9ZNyhZu68jdDITw=="
      },
      "System.IO.Hashing": {
        "type": "Transitive",
        "resolved": "8.0.0",
        "contentHash": "ne1843evDugl0md7Fjzy6QjJrzsjh46ZKbhf8GwBXb5f/gw97J4bxMs0NQKifDuThh/f0bZ0e62NPl1jzTuRqA=="
      },
      "System.IO.Pipelines": {
        "type": "Transitive",
        "resolved": "8.0.0",
        "contentHash": "FHNOatmUq0sqJOkTx+UF/9YK1f180cnW5FVqnQMvYUN0elp6wFzbtPSiqbo1/ru8ICp43JM1i7kKkk6GsNGHlA=="
      },
      "System.Text.Json": {
        "type": "Transitive",
        "resolved": "8.0.5",
        "contentHash": "0f1B50Ss7rqxXiaBJyzUu9bWFOO2/zSlifZ/UNMdiIpDYe4cY4LQQicP4nirK1OS31I43rn062UIJ1Q9bpmHpg=="
      },
      "System.Threading.RateLimiting": {
        "type": "Transitive",
        "resolved": "8.0.0",
        "contentHash": "7mu9v0QDv66ar3DpGSZHg9NuNcxDaaAcnMULuZlaTpP9+hwXhrxNGsF5GmLkSHxFdb5bBc1TzeujsRgTrPWi+Q=="
      },
      "System.Threading.Tasks.Extensions": {
        "type": "Transitive",
        "resolved": "4.5.4",
        "contentHash": "zteT+G8xuGu6mS+mzDzYXbzS7rd3K6Fjb9RiZlYlJPam2/hU7JCBZBVEcywNuR+oZ1ncTvc/cq0faRr3P01OVg=="
      },
      "Yarp.ReverseProxy": {
        "type": "Transitive",
        "resolved": "2.3.0",
        "contentHash": "gxtkN3a+9biu9V9Zd5NaTO6VZWXAnS2mhQ0R/VXmSPoTuiQNZsakKikrKpDtKxrL5nUYzbRsHtl40WNq+ZBKKg==",
        "dependencies": {
          "System.IO.Hashing": "8.0.0"
        }
      },
      "hagalaz.authorization.messages": {
        "type": "Project"
      },
      "hagalaz.cache.abstractions": {
        "type": "Project",
        "dependencies": {
          "SixLabors.ImageSharp": "[3.1.12, )"
        }
      },
      "hagalaz.collections": {
        "type": "Project",
        "dependencies": {
          "Hagalaz.Collections.Extensions": "[1.0.0, )",
          "JetBrains.Annotations": "[2025.2.4, )"
        }
      },
      "hagalaz.collections.extensions": {
        "type": "Project"
      },
      "hagalaz.configuration": {
        "type": "Project"
      },
      "hagalaz.contacts.messages": {
        "type": "Project"
      },
      "hagalaz.data": {
        "type": "Project",
        "dependencies": {
          "Aspire.Pomelo.EntityFrameworkCore.MySql": "[13.0.1, )",
          "Hagalaz.Security": "[1.0.0, )",
          "Microsoft.AspNetCore.Identity.EntityFrameworkCore": "[10.0.0, )",
          "Microsoft.EntityFrameworkCore": "[10.0.0, )",
          "Microsoft.EntityFrameworkCore.Proxies": "[10.0.0, )",
          "Microsoft.EntityFrameworkCore.Relational": "[10.0.0, )",
          "MySqlConnector": "[2.5.0, )",
          "OpenIddict.EntityFrameworkCore": "[7.2.0, )",
          "Pomelo.EntityFrameworkCore.MySql": "[9.0.0, )"
        }
      },
      "hagalaz.data.extensions": {
        "type": "Project",
        "dependencies": {
          "Aspire.Pomelo.EntityFrameworkCore.MySql": "[13.0.1, )",
          "Hagalaz.Data": "[1.0.0, )"
        }
      },
      "hagalaz.exceptions": {
        "type": "Project"
      },
      "hagalaz.game.abstractions": {
        "type": "Project",
        "dependencies": {
          "FluentResults": "[4.0.0, )",
          "Hagalaz.Cache.Abstractions": "[1.0.0, )",
          "Hagalaz.Utilities": "[1.0.0, )",
          "Microsoft.Extensions.DependencyInjection": "[10.0.0, )",
          "Raido.Common": "[1.0.0, )"
        }
      },
      "hagalaz.game.configuration": {
        "type": "Project"
      },
      "hagalaz.game.messages": {
        "type": "Project",
        "dependencies": {
          "Hagalaz.Game.Abstractions": "[1.0.0, )",
          "Raido.Common": "[1.0.0, )"
        }
      },
      "hagalaz.security": {
        "type": "Project"
      },
      "hagalaz.servicedefaults": {
        "type": "Project",
        "dependencies": {
          "Asp.Versioning.Mvc": "[8.1.0, )",
          "Microsoft.AspNetCore.OpenApi": "[10.0.0, )",
          "Microsoft.EntityFrameworkCore": "[10.0.0, )",
          "Microsoft.EntityFrameworkCore.Relational": "[10.0.0, )",
          "Microsoft.Extensions.Http.Resilience": "[10.0.0, )",
          "Microsoft.Extensions.ServiceDiscovery": "[10.0.0, )",
          "Microsoft.Extensions.ServiceDiscovery.Yarp": "[10.0.0, )",
          "OpenTelemetry.Exporter.OpenTelemetryProtocol": "[1.14.0, )",
          "OpenTelemetry.Extensions.Hosting": "[1.14.0, )",
          "OpenTelemetry.Instrumentation.AspNetCore": "[1.14.0, )",
          "OpenTelemetry.Instrumentation.EntityFrameworkCore": "[1.14.0-beta.2, )",
          "OpenTelemetry.Instrumentation.GrpcNetClient": "[1.14.0-beta.1, )",
          "OpenTelemetry.Instrumentation.Http": "[1.14.0, )",
          "OpenTelemetry.Instrumentation.Process": "[1.14.0-beta.2, )",
          "OpenTelemetry.Instrumentation.Runtime": "[1.14.0, )",
          "Polly": "[8.6.5, )",
          "Scalar.AspNetCore": "[2.11.0, )"
        }
      },
      "hagalaz.services.abstractions": {
        "type": "Project"
      },
      "hagalaz.services.common": {
        "type": "Project",
        "dependencies": {
          "Hagalaz.Services.Abstractions": "[1.0.0, )",
          "Microsoft.AspNetCore.Authorization": "[10.0.0, )",
          "Microsoft.AspNetCore.Diagnostics.EntityFrameworkCore": "[10.0.0, )",
          "Microsoft.EntityFrameworkCore": "[10.0.0, )",
          "Microsoft.Extensions.Configuration": "[10.0.0, )"
        }
      },
      "hagalaz.text.json": {
        "type": "Project"
      },
      "hagalaz.utilities": {
        "type": "Project"
      },
      "raido.common": {
        "type": "Project"
      }
    }
  }
}