{
  "version": 1,
  "dependencies": {
    "net9.0": {
      "coverlet.collector": {
        "type": "Direct",
        "requested": "[6.0.0, )",
        "resolved": "6.0.0",
        "contentHash": "tW3lsNS+dAEII6YGUX/VMoJjBS1QvsxqJeqLaJXub08y1FSjasFPtQ4UBUsudE9PNrzLjooClMsPtY2cZLdXpQ=="
      },
      "System.Reactive": {
        "type": "Direct",
        "requested": "[6.0.2, )",
        "resolved": "6.0.2",
        "contentHash": "jEK6E66wojW/dPPnLyOHuAQwa7WKvXwPd5vXcMNNi1igvFyzHQVRNlpmnBb3I1URBsK5PGJcJYRykERZJr0l4g=="
      },
      "Microsoft.Extensions.DependencyInjection": {
        "type": "Transitive",
        "resolved": "9.0.8",
        "contentHash": "JJjI2Fa+QtZcUyuNjbKn04OjIUX5IgFGFu/Xc+qvzh1rXdZHLcnqqVXhR4093bGirTwacRlHiVg1XYI9xum6QQ==",
        "dependencies": {
          "Microsoft.Extensions.DependencyInjection.Abstractions": "9.0.8"
        }
      },
      "Microsoft.Extensions.DependencyInjection.Abstractions": {
        "type": "Transitive",
        "resolved": "9.0.8",
        "contentHash": "xY3lTjj4+ZYmiKIkyWitddrp1uL5uYiweQjqo4BKBw01ZC4HhcfgLghDpPZcUlppgWAFqFy9SgkiYWOMx365pw=="
      },
      "hagalaz.cache.abstractions": {
        "type": "Project",
        "dependencies": {
          "coverlet.collector": "[6.0.0, )"
        }
      },
      "hagalaz.configuration": {
        "type": "Project",
        "dependencies": {
          "coverlet.collector": "[6.0.0, )"
        }
      },
      "hagalaz.game.abstractions": {
        "type": "Project",
        "dependencies": {
          "Hagalaz.Cache.Abstractions": "[1.0.0, )",
          "Hagalaz.Utilities": "[1.0.0, )",
          "Microsoft.Extensions.DependencyInjection": "[9.0.8, )",
          "Raido.Common": "[1.0.0, )",
          "coverlet.collector": "[6.0.0, )"
        }
      },
      "hagalaz.game.utilities": {
        "type": "Project",
        "dependencies": {
          "coverlet.collector": "[6.0.0, )"
        }
      },
      "hagalaz.utilities": {
        "type": "Project",
        "dependencies": {
          "coverlet.collector": "[6.0.0, )"
        }
      },
      "raido.common": {
        "type": "Project",
        "dependencies": {
          "coverlet.collector": "[6.0.0, )"
        }
      }
    }
  }
}